Microsoft Visual Studio Solution File, Format Version 7.00
Project("{FAE04EC0-301F-11D3-BF4B-00C04F79EFBC}") = "csharpReactor", "csharpReactor.csproj", "{18EAE2DF-A3A0-411B-8BCB-165CBC471A14}"
EndProject
Global
	GlobalSection(SolutionConfiguration) = preSolution
		ConfigName.0 = Debug
		ConfigName.1 = Release
	EndGlobalSection
	GlobalSection(ProjectDependencies) = postSolution
	EndGlobalSection
	GlobalSection(ProjectConfiguration) = postSolution
		{18EAE2DF-A3A0-411B-8BCB-165CBC471A14}.Debug.ActiveCfg = Debug|.NET
		{18EAE2DF-A3A0-411B-8BCB-165CBC471A14}.Debug.Build.0 = Debug|.NET
		{18EAE2DF-A3A0-411B-8BCB-165CBC471A14}.Release.ActiveCfg = Release|.NET
		{18EAE2DF-A3A0-411B-8BCB-165CBC471A14}.Release.Build.0 = Release|.NET
	EndGlobalSection
	GlobalSection(ExtensibilityGlobals) = postSolution
	EndGlobalSection
	GlobalSection(ExtensibilityAddIns) = postSolution
	EndGlobalSection
EndGlobal
