// !$*UTF8*$!
{
	archiveVersion = 1;
	classes = {
	};
	objectVersion = 38;
	objects = {
		E2ADD382045C71C800CCAA42 = {
			children = (
				E2ADD6D1045C72A600CCAA42,
				E2ADD6EC045C72A700CCAA42,
				E2ADD6F5045C72A700CCAA42,
				E2ADD74F045C72A700CCAA42,
				E2ADD762045C72A700CCAA42,
				E2ADD775045C72A700CCAA42,
				E2ADD781045C72A700CCAA42,
				E2ADD830045C72A700CCAA42,
				E2ADD844045C72A700CCAA42,
				E2ADD845045C72A700CCAA42,
				E2ADD85C045C72A700CCAA42,
				E2ADD870045C72A700CCAA42,
				E2ADD871045C72A700CCAA42,
				E2ADD888045C72A700CCAA42,
				E2ADD8C5045C72A800CCAA42,
				E2ADD8CD045C72A800CCAA42,
				E2ADD91A045C72A800CCAA42,
				E2ADD92D045C72A800CCAA42,
				E2ADD92E045C72A800CCAA42,
				E2ADD951045C72A800CCAA42,
				E2ADD95D045C72A800CCAA42,
				E2ADD996045C72A800CCAA42,
				E2ADD9A6045C72A800CCAA42,
				E2ADD9C6045C72A800CCAA42,
				E2ADD9CF045C72A800CCAA42,
				E2ADD9DA045C72A800CCAA42,
				E2ADD9EA045C72A800CCAA42,
			);
			isa = PBXGroup;
			refType = 4;
		};
		E2ADD384045C71C800CCAA42 = {
			buildRules = (
			);
			buildSettings = {
				COPY_PHASE_STRIP = NO;
			};
			isa = PBXBuildStyle;
			name = Development;
		};
		E2ADD385045C71C800CCAA42 = {
			buildRules = (
			);
			buildSettings = {
				COPY_PHASE_STRIP = YES;
			};
			isa = PBXBuildStyle;
			name = Deployment;
		};
		E2ADD386045C71C800CCAA42 = {
			buildStyles = (
				E2ADD384045C71C800CCAA42,
				E2ADD385045C71C800CCAA42,
			);
			hasScannedForEncodings = 1;
			isa = PBXProject;
			mainGroup = E2ADD382045C71C800CCAA42;
			projectDirPath = "";
			targets = (
			);
		};
		E2ADD6D1045C72A600CCAA42 = {
			children = (
				E2ADD6D3045C72A600CCAA42,
				E2ADD6D5045C72A600CCAA42,
				E2ADD6D7045C72A600CCAA42,
				E2ADD6D9045C72A600CCAA42,
				E2ADD6DB045C72A600CCAA42,
				E2ADD6DD045C72A600CCAA42,
				E2ADD6DE045C72A600CCAA42,
				E2ADD6E0045C72A600CCAA42,
				E2ADD6E2045C72A600CCAA42,
				E2ADD6E3045C72A700CCAA42,
				E2ADD6E4045C72A700CCAA42,
				E2ADD6E6045C72A700CCAA42,
			);
			isa = PBXGroup;
			name = enterprise;
			path = ../twisted/enterprise;
			refType = 2;
		};
		E2ADD6D3045C72A600CCAA42 = {
			fileEncoding = 30;
			isa = PBXFileReference;
			path = __init__.py;
			refType = 4;
		};
		E2ADD6D5045C72A600CCAA42 = {
			fileEncoding = 30;
			isa = PBXFileReference;
			path = adbapi.py;
			refType = 4;
		};
		E2ADD6D7045C72A600CCAA42 = {
			fileEncoding = 30;
			isa = PBXFileReference;
			path = dbcred.py;
			refType = 4;
		};
		E2ADD6D9045C72A600CCAA42 = {
			fileEncoding = 30;
			isa = PBXFileReference;
			path = dbgadgets.py;
			refType = 4;
		};
		E2ADD6DB045C72A600CCAA42 = {
			fileEncoding = 30;
			isa = PBXFileReference;
			path = dbpassport.py;
			refType = 4;
		};
		E2ADD6DD045C72A600CCAA42 = {
			fileEncoding = 30;
			isa = PBXFileReference;
			path = populate.sql;
			refType = 4;
		};
		E2ADD6DE045C72A600CCAA42 = {
			fileEncoding = 30;
			isa = PBXFileReference;
			path = reflector.py;
			refType = 4;
		};
		E2ADD6E0045C72A600CCAA42 = {
			fileEncoding = 30;
			isa = PBXFileReference;
			path = row.py;
			refType = 4;
		};
		E2ADD6E2045C72A600CCAA42 = {
			fileEncoding = 30;
			isa = PBXFileReference;
			path = schema.sql;
			refType = 4;
		};
		E2ADD6E3045C72A700CCAA42 = {
			fileEncoding = 30;
			isa = PBXFileReference;
			path = sqlreflector.py;
			refType = 4;
		};
		E2ADD6E4045C72A700CCAA42 = {
			fileEncoding = 30;
			isa = PBXFileReference;
			path = util.py;
			refType = 4;
		};
		E2ADD6E6045C72A700CCAA42 = {
			fileEncoding = 30;
			isa = PBXFileReference;
			path = xmlreflector.py;
			refType = 4;
		};
		E2ADD6EC045C72A700CCAA42 = {
			children = (
				E2ADD6ED045C72A700CCAA42,
				E2ADD6EE045C72A700CCAA42,
				E2ADD6F0045C72A700CCAA42,
				E2ADD6F1045C72A700CCAA42,
				E2ADD6F2045C72A700CCAA42,
				E2ADD6F3045C72A700CCAA42,
				E2ADD6F4045C72A700CCAA42,
			);
			isa = PBXGroup;
			name = runner;
			path = ../twisted/runner;
			refType = 2;
		};
		E2ADD6ED045C72A700CCAA42 = {
			fileEncoding = 30;
			isa = PBXFileReference;
			path = .cvsignore;
			refType = 4;
		};
		E2ADD6EE045C72A700CCAA42 = {
			fileEncoding = 30;
			isa = PBXFileReference;
			path = __init__.py;
			refType = 4;
		};
		E2ADD6F0045C72A700CCAA42 = {
			fileEncoding = 30;
			isa = PBXFileReference;
			path = inetd.py;
			refType = 4;
		};
		E2ADD6F1045C72A700CCAA42 = {
			fileEncoding = 30;
			isa = PBXFileReference;
			path = inetdconf.py;
			refType = 4;
		};
		E2ADD6F2045C72A700CCAA42 = {
			fileEncoding = 30;
			isa = PBXFileReference;
			path = inetdtap.py;
			refType = 4;
		};
		E2ADD6F3045C72A700CCAA42 = {
			fileEncoding = 30;
			isa = PBXFileReference;
			path = portmap.c;
			refType = 4;
		};
		E2ADD6F4045C72A700CCAA42 = {
			fileEncoding = 30;
			isa = PBXFileReference;
			path = procmon.py;
			refType = 4;
		};
		E2ADD6F5045C72A700CCAA42 = {
			children = (
				E2ADD6F8045C72A700CCAA42,
				E2ADD6FA045C72A700CCAA42,
				E2ADD6FB045C72A700CCAA42,
				E2ADD6FD045C72A700CCAA42,
				E2ADD6FE045C72A700CCAA42,
				E2ADD700045C72A700CCAA42,
				E2ADD701045C72A700CCAA42,
				E2ADD702045C72A700CCAA42,
				E2ADD703045C72A700CCAA42,
				E2ADD705045C72A700CCAA42,
				E2ADD706045C72A700CCAA42,
				E2ADD708045C72A700CCAA42,
				E2ADD70A045C72A700CCAA42,
				E2ADD70C045C72A700CCAA42,
				E2ADD70D045C72A700CCAA42,
				E2ADD70E045C72A700CCAA42,
				E2ADD710045C72A700CCAA42,
				E2ADD711045C72A700CCAA42,
				E2ADD713045C72A700CCAA42,
				E2ADD715045C72A700CCAA42,
				E2ADD716045C72A700CCAA42,
				E2ADD717045C72A700CCAA42,
				E2ADD719045C72A700CCAA42,
				E2ADD71B045C72A700CCAA42,
				E2ADD71D045C72A700CCAA42,
				E2ADD71F045C72A700CCAA42,
				E2ADD721045C72A700CCAA42,
				E2ADD723045C72A700CCAA42,
				E2ADD725045C72A700CCAA42,
				E2ADD726045C72A700CCAA42,
				E2ADD74D045C72A700CCAA42,
			);
			isa = PBXGroup;
			name = web;
			path = ../twisted/web;
			refType = 2;
		};
		E2ADD6F8045C72A700CCAA42 = {
			fileEncoding = 30;
			isa = PBXFileReference;
			path = __init__.py;
			refType = 4;
		};
		E2ADD6FA045C72A700CCAA42 = {
			fileEncoding = 30;
			isa = PBXFileReference;
			path = client.py;
			refType = 4;
		};
		E2ADD6FB045C72A700CCAA42 = {
			fileEncoding = 30;
			isa = PBXFileReference;
			path = distrib.py;
			refType = 4;
		};
		E2ADD6FD045C72A700CCAA42 = {
			fileEncoding = 30;
			isa = PBXFileReference;
			path = domhandlers.py;
			refType = 4;
		};
		E2ADD6FE045C72A700CCAA42 = {
			fileEncoding = 30;
			isa = PBXFileReference;
			path = domhelpers.py;
			refType = 4;
		};
		E2ADD700045C72A700CCAA42 = {
			fileEncoding = 30;
			isa = PBXFileReference;
			path = dominput.py;
			refType = 4;
		};
		E2ADD701045C72A700CCAA42 = {
			fileEncoding = 30;
			isa = PBXFileReference;
			path = domtemplate.py;
			refType = 4;
		};
		E2ADD702045C72A700CCAA42 = {
			fileEncoding = 30;
			isa = PBXFileReference;
			path = domwidgets.py;
			refType = 4;
		};
		E2ADD703045C72A700CCAA42 = {
			fileEncoding = 30;
			isa = PBXFileReference;
			path = error.py;
			refType = 4;
		};
		E2ADD705045C72A700CCAA42 = {
			fileEncoding = 30;
			isa = PBXFileReference;
			path = google.py;
			refType = 4;
		};
		E2ADD706045C72A700CCAA42 = {
			fileEncoding = 30;
			isa = PBXFileReference;
			path = guard.py;
			refType = 4;
		};
		E2ADD708045C72A700CCAA42 = {
			fileEncoding = 30;
			isa = PBXFileReference;
			path = html.py;
			refType = 4;
		};
		E2ADD70A045C72A700CCAA42 = {
			fileEncoding = 30;
			isa = PBXFileReference;
			path = microdom.py;
			refType = 4;
		};
		E2ADD70C045C72A700CCAA42 = {
			fileEncoding = 30;
			isa = PBXFileReference;
			path = monitor.py;
			refType = 4;
		};
		E2ADD70D045C72A700CCAA42 = {
			fileEncoding = 30;
			isa = PBXFileReference;
			path = proxy.py;
			refType = 4;
		};
		E2ADD70E045C72A700CCAA42 = {
			fileEncoding = 30;
			isa = PBXFileReference;
			path = resource.py;
			refType = 4;
		};
		E2ADD710045C72A700CCAA42 = {
			fileEncoding = 30;
			isa = PBXFileReference;
			path = rewrite.py;
			refType = 4;
		};
		E2ADD711045C72A700CCAA42 = {
			fileEncoding = 30;
			isa = PBXFileReference;
			path = script.py;
			refType = 4;
		};
		E2ADD713045C72A700CCAA42 = {
			fileEncoding = 30;
			isa = PBXFileReference;
			path = server.py;
			refType = 4;
		};
		E2ADD715045C72A700CCAA42 = {
			fileEncoding = 30;
			isa = PBXFileReference;
			path = soap.py;
			refType = 4;
		};
		E2ADD716045C72A700CCAA42 = {
			fileEncoding = 30;
			isa = PBXFileReference;
			path = spider.py;
			refType = 4;
		};
		E2ADD717045C72A700CCAA42 = {
			fileEncoding = 30;
			isa = PBXFileReference;
			path = static.py;
			refType = 4;
		};
		E2ADD719045C72A700CCAA42 = {
			fileEncoding = 30;
			isa = PBXFileReference;
			path = test.py;
			refType = 4;
		};
		E2ADD71B045C72A700CCAA42 = {
			fileEncoding = 30;
			isa = PBXFileReference;
			path = trp.py;
			refType = 4;
		};
		E2ADD71D045C72A700CCAA42 = {
			fileEncoding = 30;
			isa = PBXFileReference;
			path = twcgi.py;
			refType = 4;
		};
		E2ADD71F045C72A700CCAA42 = {
			fileEncoding = 30;
			isa = PBXFileReference;
			path = util.py;
			refType = 4;
		};
		E2ADD721045C72A700CCAA42 = {
			fileEncoding = 30;
			isa = PBXFileReference;
			path = vhost.py;
			refType = 4;
		};
		E2ADD723045C72A700CCAA42 = {
			fileEncoding = 30;
			isa = PBXFileReference;
			path = widgets.py;
			refType = 4;
		};
		E2ADD725045C72A700CCAA42 = {
			fileEncoding = 30;
			isa = PBXFileReference;
			path = wmvc.py;
			refType = 4;
		};
		E2ADD726045C72A700CCAA42 = {
			children = (
				E2ADD72A045C72A700CCAA42,
				E2ADD72C045C72A700CCAA42,
				E2ADD72E045C72A700CCAA42,
				E2ADD72F045C72A700CCAA42,
				E2ADD731045C72A700CCAA42,
				E2ADD732045C72A700CCAA42,
				E2ADD733045C72A700CCAA42,
				E2ADD735045C72A700CCAA42,
				E2ADD737045C72A700CCAA42,
				E2ADD739045C72A700CCAA42,
				E2ADD73B045C72A700CCAA42,
				E2ADD73D045C72A700CCAA42,
				E2ADD73E045C72A700CCAA42,
				E2ADD740045C72A700CCAA42,
				E2ADD742045C72A700CCAA42,
				E2ADD744045C72A700CCAA42,
				E2ADD746045C72A700CCAA42,
				E2ADD748045C72A700CCAA42,
				E2ADD749045C72A700CCAA42,
				E2ADD74A045C72A700CCAA42,
				E2ADD74B045C72A700CCAA42,
			);
			isa = PBXGroup;
			path = woven;
			refType = 4;
		};
		E2ADD72A045C72A700CCAA42 = {
			fileEncoding = 30;
			isa = PBXFileReference;
			path = __init__.py;
			refType = 4;
		};
		E2ADD72C045C72A700CCAA42 = {
			fileEncoding = 30;
			isa = PBXFileReference;
			path = controller.py;
			refType = 4;
		};
		E2ADD72E045C72A700CCAA42 = {
			isa = PBXFileReference;
			path = FlashConduit.fla;
			refType = 4;
		};
		E2ADD72F045C72A700CCAA42 = {
			fileEncoding = 30;
			isa = PBXFileReference;
			path = flashconduit.py;
			refType = 4;
		};
		E2ADD731045C72A700CCAA42 = {
			isa = PBXFileReference;
			path = FlashConduit.swf;
			refType = 4;
		};
		E2ADD732045C72A700CCAA42 = {
			fileEncoding = 30;
			isa = PBXFileReference;
			path = FlashConduitGlue.html;
			refType = 4;
		};
		E2ADD733045C72A700CCAA42 = {
			fileEncoding = 30;
			isa = PBXFileReference;
			path = form.py;
			refType = 4;
		};
		E2ADD735045C72A700CCAA42 = {
			fileEncoding = 30;
			isa = PBXFileReference;
			path = guard.py;
			refType = 4;
		};
		E2ADD737045C72A700CCAA42 = {
			fileEncoding = 30;
			isa = PBXFileReference;
			path = input.py;
			refType = 4;
		};
		E2ADD739045C72A700CCAA42 = {
			fileEncoding = 30;
			isa = PBXFileReference;
			path = interfaces.py;
			refType = 4;
		};
		E2ADD73B045C72A700CCAA42 = {
			fileEncoding = 30;
			isa = PBXFileReference;
			path = model.py;
			refType = 4;
		};
		E2ADD73D045C72A700CCAA42 = {
			fileEncoding = 30;
			isa = PBXFileReference;
			path = mozillaconduit.py;
			refType = 4;
		};
		E2ADD73E045C72A700CCAA42 = {
			fileEncoding = 30;
			isa = PBXFileReference;
			path = page.py;
			refType = 4;
		};
		E2ADD740045C72A700CCAA42 = {
			fileEncoding = 30;
			isa = PBXFileReference;
			path = tapestry.py;
			refType = 4;
		};
		E2ADD742045C72A700CCAA42 = {
			fileEncoding = 30;
			isa = PBXFileReference;
			path = template.py;
			refType = 4;
		};
		E2ADD744045C72A700CCAA42 = {
			fileEncoding = 30;
			isa = PBXFileReference;
			path = utils.py;
			refType = 4;
		};
		E2ADD746045C72A700CCAA42 = {
			fileEncoding = 30;
			isa = PBXFileReference;
			path = view.py;
			refType = 4;
		};
		E2ADD748045C72A700CCAA42 = {
			isa = PBXFileReference;
			path = WebConduit2_mozilla.js;
			refType = 4;
		};
		E2ADD749045C72A700CCAA42 = {
			isa = PBXFileReference;
			path = WebConduit2_msie.js;
			refType = 4;
		};
		E2ADD74A045C72A700CCAA42 = {
			fileEncoding = 30;
			isa = PBXFileReference;
			path = WebConduitGlue.html;
			refType = 4;
		};
		E2ADD74B045C72A700CCAA42 = {
			fileEncoding = 30;
			isa = PBXFileReference;
			path = widgets.py;
			refType = 4;
		};
		E2ADD74D045C72A700CCAA42 = {
			fileEncoding = 30;
			isa = PBXFileReference;
			path = xmlrpc.py;
			refType = 4;
		};
		E2ADD74F045C72A700CCAA42 = {
			children = (
				E2ADD751045C72A700CCAA42,
				E2ADD753045C72A700CCAA42,
				E2ADD755045C72A700CCAA42,
				E2ADD757045C72A700CCAA42,
				E2ADD759045C72A700CCAA42,
				E2ADD75B045C72A700CCAA42,
				E2ADD75D045C72A700CCAA42,
				E2ADD75F045C72A700CCAA42,
				E2ADD761045C72A700CCAA42,
			);
			isa = PBXGroup;
			name = mail;
			path = ../twisted/mail;
			refType = 2;
		};
		E2ADD751045C72A700CCAA42 = {
			fileEncoding = 30;
			isa = PBXFileReference;
			path = __init__.py;
			refType = 4;
		};
		E2ADD753045C72A700CCAA42 = {
			fileEncoding = 30;
			isa = PBXFileReference;
			path = bounce.py;
			refType = 4;
		};
		E2ADD755045C72A700CCAA42 = {
			fileEncoding = 30;
			isa = PBXFileReference;
			path = mail.py;
			refType = 4;
		};
		E2ADD757045C72A700CCAA42 = {
			fileEncoding = 30;
			isa = PBXFileReference;
			path = maildir.py;
			refType = 4;
		};
		E2ADD759045C72A700CCAA42 = {
			fileEncoding = 30;
			isa = PBXFileReference;
			path = pb.py;
			refType = 4;
		};
		E2ADD75B045C72A700CCAA42 = {
			fileEncoding = 30;
			isa = PBXFileReference;
			path = protocols.py;
			refType = 4;
		};
		E2ADD75D045C72A700CCAA42 = {
			fileEncoding = 30;
			isa = PBXFileReference;
			path = relay.py;
			refType = 4;
		};
		E2ADD75F045C72A700CCAA42 = {
			fileEncoding = 30;
			isa = PBXFileReference;
			path = relaymanager.py;
			refType = 4;
		};
		E2ADD761045C72A700CCAA42 = {
			fileEncoding = 30;
			isa = PBXFileReference;
			path = tap.py;
			refType = 4;
		};
		E2ADD762045C72A700CCAA42 = {
			children = (
				E2ADD764045C72A700CCAA42,
				E2ADD766045C72A700CCAA42,
				E2ADD767045C72A700CCAA42,
				E2ADD768045C72A700CCAA42,
				E2ADD769045C72A700CCAA42,
				E2ADD76A045C72A700CCAA42,
				E2ADD76B045C72A700CCAA42,
				E2ADD76C045C72A700CCAA42,
				E2ADD76D045C72A700CCAA42,
				E2ADD76E045C72A700CCAA42,
				E2ADD76F045C72A700CCAA42,
				E2ADD770045C72A700CCAA42,
				E2ADD771045C72A700CCAA42,
				E2ADD773045C72A700CCAA42,
			);
			isa = PBXGroup;
			name = tap;
			path = ../twisted/tap;
			refType = 2;
		};
		E2ADD764045C72A700CCAA42 = {
			fileEncoding = 30;
			isa = PBXFileReference;
			path = __init__.py;
			refType = 4;
		};
		E2ADD766045C72A700CCAA42 = {
			fileEncoding = 30;
			isa = PBXFileReference;
			path = coil.py;
			refType = 4;
		};
		E2ADD767045C72A700CCAA42 = {
			fileEncoding = 30;
			isa = PBXFileReference;
			path = conch.py;
			refType = 4;
		};
		E2ADD768045C72A700CCAA42 = {
			fileEncoding = 30;
			isa = PBXFileReference;
			path = ftp.py;
			refType = 4;
		};
		E2ADD769045C72A700CCAA42 = {
			fileEncoding = 30;
			isa = PBXFileReference;
			path = manhole.py;
			refType = 4;
		};
		E2ADD76A045C72A700CCAA42 = {
			fileEncoding = 30;
			isa = PBXFileReference;
			path = news.py;
			refType = 4;
		};
		E2ADD76B045C72A700CCAA42 = {
			fileEncoding = 30;
			isa = PBXFileReference;
			path = portforward.py;
			refType = 4;
		};
		E2ADD76C045C72A700CCAA42 = {
			fileEncoding = 30;
			isa = PBXFileReference;
			path = procmon.py;
			refType = 4;
		};
		E2ADD76D045C72A700CCAA42 = {
			fileEncoding = 30;
			isa = PBXFileReference;
			path = socks.py;
			refType = 4;
		};
		E2ADD76E045C72A700CCAA42 = {
			fileEncoding = 30;
			isa = PBXFileReference;
			path = ssh.py;
			refType = 4;
		};
		E2ADD76F045C72A700CCAA42 = {
			fileEncoding = 30;
			isa = PBXFileReference;
			path = telnet.py;
			refType = 4;
		};
		E2ADD770045C72A700CCAA42 = {
			fileEncoding = 30;
			isa = PBXFileReference;
			path = toc.py;
			refType = 4;
		};
		E2ADD771045C72A700CCAA42 = {
			fileEncoding = 30;
			isa = PBXFileReference;
			path = web.py;
			refType = 4;
		};
		E2ADD773045C72A700CCAA42 = {
			fileEncoding = 30;
			isa = PBXFileReference;
			path = words.py;
			refType = 4;
		};
		E2ADD775045C72A700CCAA42 = {
			children = (
				E2ADD777045C72A700CCAA42,
				E2ADD779045C72A700CCAA42,
				E2ADD77B045C72A700CCAA42,
				E2ADD77D045C72A700CCAA42,
				E2ADD77F045C72A700CCAA42,
			);
			isa = PBXGroup;
			name = popsicle;
			path = ../twisted/popsicle;
			refType = 2;
		};
		E2ADD777045C72A700CCAA42 = {
			fileEncoding = 30;
			isa = PBXFileReference;
			path = __init__.py;
			refType = 4;
		};
		E2ADD779045C72A700CCAA42 = {
			fileEncoding = 30;
			isa = PBXFileReference;
			path = freezer.py;
			refType = 4;
		};
		E2ADD77B045C72A700CCAA42 = {
			fileEncoding = 30;
			isa = PBXFileReference;
			path = mailsicle.py;
			refType = 4;
		};
		E2ADD77D045C72A700CCAA42 = {
			fileEncoding = 30;
			isa = PBXFileReference;
			path = picklesicle.py;
			refType = 4;
		};
		E2ADD77F045C72A700CCAA42 = {
			fileEncoding = 30;
			isa = PBXFileReference;
			path = repos.py;
			refType = 4;
		};
		E2ADD781045C72A700CCAA42 = {
			children = (
				E2ADD784045C72A700CCAA42,
				E2ADD786045C72A700CCAA42,
				E2ADD788045C72A700CCAA42,
				E2ADD78A045C72A700CCAA42,
				E2ADD78B045C72A700CCAA42,
				E2ADD78C045C72A700CCAA42,
				E2ADD78D045C72A700CCAA42,
				E2ADD78E045C72A700CCAA42,
				E2ADD78F045C72A700CCAA42,
				E2ADD790045C72A700CCAA42,
				E2ADD792045C72A700CCAA42,
				E2ADD793045C72A700CCAA42,
				E2ADD794045C72A700CCAA42,
				E2ADD795045C72A700CCAA42,
				E2ADD797045C72A700CCAA42,
				E2ADD799045C72A700CCAA42,
				E2ADD79B045C72A700CCAA42,
				E2ADD79D045C72A700CCAA42,
				E2ADD79E045C72A700CCAA42,
				E2ADD7A0045C72A700CCAA42,
				E2ADD7A2045C72A700CCAA42,
				E2ADD7A4045C72A700CCAA42,
				E2ADD7A7045C72A700CCAA42,
				E2ADD7A9045C72A700CCAA42,
				E2ADD7AB045C72A700CCAA42,
				E2ADD7AD045C72A700CCAA42,
				E2ADD7AF045C72A700CCAA42,
				E2ADD7B1045C72A700CCAA42,
				E2ADD7B3045C72A700CCAA42,
				E2ADD7B5045C72A700CCAA42,
				E2ADD7B7045C72A700CCAA42,
				E2ADD7B9045C72A700CCAA42,
				E2ADD7BB045C72A700CCAA42,
				E2ADD7BD045C72A700CCAA42,
				E2ADD7BF045C72A700CCAA42,
				E2ADD7C1045C72A700CCAA42,
				E2ADD7C3045C72A700CCAA42,
				E2ADD7C5045C72A700CCAA42,
				E2ADD7C7045C72A700CCAA42,
				E2ADD7C9045C72A700CCAA42,
				E2ADD7CB045C72A700CCAA42,
				E2ADD7CD045C72A700CCAA42,
				E2ADD7CF045C72A700CCAA42,
				E2ADD7D1045C72A700CCAA42,
				E2ADD7D3045C72A700CCAA42,
				E2ADD7D5045C72A700CCAA42,
				E2ADD7D7045C72A700CCAA42,
				E2ADD7D9045C72A700CCAA42,
				E2ADD7DB045C72A700CCAA42,
				E2ADD7DD045C72A700CCAA42,
				E2ADD7DF045C72A700CCAA42,
				E2ADD7E1045C72A700CCAA42,
				E2ADD7E3045C72A700CCAA42,
				E2ADD7E5045C72A700CCAA42,
				E2ADD7E7045C72A700CCAA42,
				E2ADD7E9045C72A700CCAA42,
				E2ADD7EB045C72A700CCAA42,
				E2ADD7ED045C72A700CCAA42,
				E2ADD7EF045C72A700CCAA42,
				E2ADD7F1045C72A700CCAA42,
				E2ADD7F3045C72A700CCAA42,
				E2ADD7F5045C72A700CCAA42,
				E2ADD7F7045C72A700CCAA42,
				E2ADD7F9045C72A700CCAA42,
				E2ADD7FB045C72A700CCAA42,
				E2ADD7FD045C72A700CCAA42,
				E2ADD7FF045C72A700CCAA42,
				E2ADD801045C72A700CCAA42,
				E2ADD803045C72A700CCAA42,
				E2ADD806045C72A700CCAA42,
				E2ADD808045C72A700CCAA42,
				E2ADD80A045C72A700CCAA42,
				E2ADD80C045C72A700CCAA42,
				E2ADD80E045C72A700CCAA42,
				E2ADD810045C72A700CCAA42,
				E2ADD812045C72A700CCAA42,
				E2ADD814045C72A700CCAA42,
				E2ADD816045C72A700CCAA42,
				E2ADD818045C72A700CCAA42,
				E2ADD81A045C72A700CCAA42,
				E2ADD81C045C72A700CCAA42,
				E2ADD81E045C72A700CCAA42,
				E2ADD820045C72A700CCAA42,
				E2ADD822045C72A700CCAA42,
				E2ADD824045C72A700CCAA42,
				E2ADD826045C72A700CCAA42,
				E2ADD828045C72A700CCAA42,
				E2ADD82A045C72A700CCAA42,
				E2ADD82C045C72A700CCAA42,
				E2ADD82E045C72A700CCAA42,
				E2ADD82F045C72A700CCAA42,
			);
			isa = PBXGroup;
			name = test;
			path = ../twisted/test;
			refType = 2;
		};
		E2ADD784045C72A700CCAA42 = {
			fileEncoding = 30;
			isa = PBXFileReference;
			path = __init__.py;
			refType = 4;
		};
		E2ADD786045C72A700CCAA42 = {
			fileEncoding = 30;
			isa = PBXFileReference;
			path = crash_test_dummy.py;
			refType = 4;
		};
		E2ADD788045C72A700CCAA42 = {
			fileEncoding = 30;
			isa = PBXFileReference;
			path = myrebuilder.py;
			refType = 4;
		};
		E2ADD78A045C72A700CCAA42 = {
			fileEncoding = 30;
			isa = PBXFileReference;
			path = myrebuilder1.py;
			refType = 4;
		};
		E2ADD78B045C72A700CCAA42 = {
			fileEncoding = 30;
			isa = PBXFileReference;
			path = myrebuilder2.py;
			refType = 4;
		};
		E2ADD78C045C72A700CCAA42 = {
			fileEncoding = 30;
			isa = PBXFileReference;
			path = process_echoer.py;
			refType = 4;
		};
		E2ADD78D045C72A700CCAA42 = {
			fileEncoding = 30;
			isa = PBXExecutableFileReference;
			path = process_reader.py;
			refType = 4;
		};
		E2ADD78E045C72A700CCAA42 = {
			fileEncoding = 30;
			isa = PBXFileReference;
			path = process_signal.py;
			refType = 4;
		};
		E2ADD78F045C72A700CCAA42 = {
			fileEncoding = 30;
			isa = PBXFileReference;
			path = process_stdinreader.py;
			refType = 4;
		};
		E2ADD790045C72A700CCAA42 = {
			fileEncoding = 30;
			isa = PBXFileReference;
			path = process_tester.py;
			refType = 4;
		};
		E2ADD792045C72A700CCAA42 = {
			fileEncoding = 30;
			isa = PBXFileReference;
			path = process_twisted.py;
			refType = 4;
		};
		E2ADD793045C72A700CCAA42 = {
			fileEncoding = 30;
			isa = PBXFileReference;
			path = rfc822.message;
			refType = 4;
		};
		E2ADD794045C72A700CCAA42 = {
			fileEncoding = 30;
			isa = PBXFileReference;
			path = server.pem;
			refType = 4;
		};
		E2ADD795045C72A700CCAA42 = {
			fileEncoding = 30;
			isa = PBXFileReference;
			path = test_app.py;
			refType = 4;
		};
		E2ADD797045C72A700CCAA42 = {
			fileEncoding = 30;
			isa = PBXFileReference;
			path = test_banana.py;
			refType = 4;
		};
		E2ADD799045C72A700CCAA42 = {
			fileEncoding = 30;
			isa = PBXFileReference;
			path = test_bounce.py;
			refType = 4;
		};
		E2ADD79B045C72A700CCAA42 = {
			fileEncoding = 30;
			isa = PBXFileReference;
			path = test_coil.py;
			refType = 4;
		};
		E2ADD79D045C72A700CCAA42 = {
			fileEncoding = 30;
			isa = PBXFileReference;
			path = test_compat.py;
			refType = 4;
		};
		E2ADD79E045C72A700CCAA42 = {
			fileEncoding = 30;
			isa = PBXFileReference;
			path = test_components.py;
			refType = 4;
		};
		E2ADD7A0045C72A700CCAA42 = {
			fileEncoding = 30;
			isa = PBXFileReference;
			path = test_conch.py;
			refType = 4;
		};
		E2ADD7A2045C72A700CCAA42 = {
			fileEncoding = 30;
			isa = PBXFileReference;
			path = test_cred.py;
			refType = 4;
		};
		E2ADD7A4045C72A700CCAA42 = {
			fileEncoding = 30;
			isa = PBXFileReference;
			path = test_defer.py;
			refType = 4;
		};
		E2ADD7A7045C72A700CCAA42 = {
			fileEncoding = 30;
			isa = PBXFileReference;
			path = test_dict.py;
			refType = 4;
		};
		E2ADD7A9045C72A700CCAA42 = {
			fileEncoding = 30;
			isa = PBXFileReference;
			path = test_dirdbm.py;
			refType = 4;
		};
		E2ADD7AB045C72A700CCAA42 = {
			fileEncoding = 30;
			isa = PBXFileReference;
			path = test_dns.py;
			refType = 4;
		};
		E2ADD7AD045C72A700CCAA42 = {
			fileEncoding = 30;
			isa = PBXFileReference;
			path = test_doc.py;
			refType = 4;
		};
		E2ADD7AF045C72A700CCAA42 = {
			fileEncoding = 30;
			isa = PBXFileReference;
			path = test_domhelpers.py;
			refType = 4;
		};
		E2ADD7B1045C72A700CCAA42 = {
			fileEncoding = 30;
			isa = PBXFileReference;
			path = test_enterprise.py;
			refType = 4;
		};
		E2ADD7B3045C72A700CCAA42 = {
			fileEncoding = 30;
			isa = PBXFileReference;
			path = test_explorer.py;
			refType = 4;
		};
		E2ADD7B5045C72A700CCAA42 = {
			fileEncoding = 30;
			isa = PBXFileReference;
			path = test_failure.py;
			refType = 4;
		};
		E2ADD7B7045C72A700CCAA42 = {
			fileEncoding = 30;
			isa = PBXFileReference;
			path = test_formmethod.py;
			refType = 4;
		};
		E2ADD7B9045C72A700CCAA42 = {
			fileEncoding = 30;
			isa = PBXFileReference;
			path = test_ftp.py;
			refType = 4;
		};
		E2ADD7BB045C72A700CCAA42 = {
			fileEncoding = 30;
			isa = PBXFileReference;
			path = test_hook.py;
			refType = 4;
		};
		E2ADD7BD045C72A700CCAA42 = {
			fileEncoding = 30;
			isa = PBXFileReference;
			path = test_htb.py;
			refType = 4;
		};
		E2ADD7BF045C72A700CCAA42 = {
			fileEncoding = 30;
			isa = PBXFileReference;
			path = test_http.py;
			refType = 4;
		};
		E2ADD7C1045C72A700CCAA42 = {
			fileEncoding = 30;
			isa = PBXFileReference;
			path = test_imap.py;
			refType = 4;
		};
		E2ADD7C3045C72A700CCAA42 = {
			fileEncoding = 30;
			isa = PBXFileReference;
			path = test_import.py;
			refType = 4;
		};
		E2ADD7C5045C72A700CCAA42 = {
			fileEncoding = 30;
			isa = PBXFileReference;
			path = test_internet.py;
			refType = 4;
		};
		E2ADD7C7045C72A700CCAA42 = {
			fileEncoding = 30;
			isa = PBXFileReference;
			path = test_irc.py;
			refType = 4;
		};
		E2ADD7C9045C72A700CCAA42 = {
			fileEncoding = 30;
			isa = PBXFileReference;
			path = test_iutils.py;
			refType = 4;
		};
		E2ADD7CB045C72A700CCAA42 = {
			fileEncoding = 30;
			isa = PBXFileReference;
			path = test_jelly.py;
			refType = 4;
		};
		E2ADD7CD045C72A700CCAA42 = {
			fileEncoding = 30;
			isa = PBXFileReference;
			path = test_journal.py;
			refType = 4;
		};
		E2ADD7CF045C72A700CCAA42 = {
			fileEncoding = 30;
			isa = PBXFileReference;
			path = test_logfile.py;
			refType = 4;
		};
		E2ADD7D1045C72A700CCAA42 = {
			fileEncoding = 30;
			isa = PBXFileReference;
			path = test_loopback.py;
			refType = 4;
		};
		E2ADD7D3045C72A700CCAA42 = {
			fileEncoding = 30;
			isa = PBXFileReference;
			path = test_manhole.py;
			refType = 4;
		};
		E2ADD7D5045C72A700CCAA42 = {
			fileEncoding = 30;
			isa = PBXFileReference;
			path = test_msn.py;
			refType = 4;
		};
		E2ADD7D7045C72A700CCAA42 = {
			fileEncoding = 30;
			isa = PBXFileReference;
			path = test_mvc.py;
			refType = 4;
		};
		E2ADD7D9045C72A700CCAA42 = {
			fileEncoding = 30;
			isa = PBXFileReference;
			path = test_names.py;
			refType = 4;
		};
		E2ADD7DB045C72A700CCAA42 = {
			fileEncoding = 30;
			isa = PBXFileReference;
			path = test_newjelly.py;
			refType = 4;
		};
		E2ADD7DD045C72A700CCAA42 = {
			fileEncoding = 30;
			isa = PBXFileReference;
			path = test_news.py;
			refType = 4;
		};
		E2ADD7DF045C72A700CCAA42 = {
			fileEncoding = 30;
			isa = PBXFileReference;
			path = test_nmea.py;
			refType = 4;
		};
		E2ADD7E1045C72A700CCAA42 = {
			fileEncoding = 30;
			isa = PBXFileReference;
			path = test_nntp.py;
			refType = 4;
		};
		E2ADD7E3045C72A700CCAA42 = {
			fileEncoding = 30;
			isa = PBXFileReference;
			path = test_observable.py;
			refType = 4;
		};
		E2ADD7E5045C72A700CCAA42 = {
			fileEncoding = 30;
			isa = PBXFileReference;
			path = test_pb.py;
			refType = 4;
		};
		E2ADD7E7045C72A700CCAA42 = {
			fileEncoding = 30;
			isa = PBXFileReference;
			path = test_pbfailure.py;
			refType = 4;
		};
		E2ADD7E9045C72A700CCAA42 = {
			fileEncoding = 30;
			isa = PBXFileReference;
			path = test_pcp.py;
			refType = 4;
		};
		E2ADD7EB045C72A700CCAA42 = {
			fileEncoding = 30;
			isa = PBXFileReference;
			path = test_persisted.py;
			refType = 4;
		};
		E2ADD7ED045C72A700CCAA42 = {
			fileEncoding = 30;
			isa = PBXFileReference;
			path = test_policies.py;
			refType = 4;
		};
		E2ADD7EF045C72A700CCAA42 = {
			fileEncoding = 30;
			isa = PBXFileReference;
			path = test_pop3.py;
			refType = 4;
		};
		E2ADD7F1045C72A700CCAA42 = {
			fileEncoding = 30;
			isa = PBXFileReference;
			path = test_popsicle.py;
			refType = 4;
		};
		E2ADD7F3045C72A700CCAA42 = {
			fileEncoding = 30;
			isa = PBXFileReference;
			path = test_postinstall.py;
			refType = 4;
		};
		E2ADD7F5045C72A700CCAA42 = {
			fileEncoding = 30;
			isa = PBXFileReference;
			path = test_process.py;
			refType = 4;
		};
		E2ADD7F7045C72A700CCAA42 = {
			fileEncoding = 30;
			isa = PBXFileReference;
			path = test_protocols.py;
			refType = 4;
		};
		E2ADD7F9045C72A700CCAA42 = {
			fileEncoding = 30;
			isa = PBXFileReference;
			path = test_rebuild.py;
			refType = 4;
		};
		E2ADD7FB045C72A700CCAA42 = {
			fileEncoding = 30;
			isa = PBXFileReference;
			path = test_reflect.py;
			refType = 4;
		};
		E2ADD7FD045C72A700CCAA42 = {
			fileEncoding = 30;
			isa = PBXFileReference;
			path = test_roots.py;
			refType = 4;
		};
		E2ADD7FF045C72A700CCAA42 = {
			fileEncoding = 30;
			isa = PBXFileReference;
			path = test_setup.py;
			refType = 4;
		};
		E2ADD801045C72A700CCAA42 = {
			fileEncoding = 30;
			isa = PBXFileReference;
			path = test_shortcut.py;
			refType = 4;
		};
		E2ADD803045C72A700CCAA42 = {
			fileEncoding = 30;
			isa = PBXFileReference;
			path = test_sibling.py;
			refType = 4;
		};
		E2ADD806045C72A700CCAA42 = {
			fileEncoding = 30;
			isa = PBXFileReference;
			path = test_smtp.py;
			refType = 4;
		};
		E2ADD808045C72A700CCAA42 = {
			fileEncoding = 30;
			isa = PBXFileReference;
			path = test_spread.py;
			refType = 4;
		};
		E2ADD80A045C72A700CCAA42 = {
			fileEncoding = 30;
			isa = PBXFileReference;
			path = test_ssl.py;
			refType = 4;
		};
		E2ADD80C045C72A700CCAA42 = {
			fileEncoding = 30;
			isa = PBXFileReference;
			path = test_tcp.py;
			refType = 4;
		};
		E2ADD80E045C72A700CCAA42 = {
			fileEncoding = 30;
			isa = PBXFileReference;
			path = test_tendril.py;
			refType = 4;
		};
		E2ADD810045C72A700CCAA42 = {
			fileEncoding = 30;
			isa = PBXFileReference;
			path = test_text.py;
			refType = 4;
		};
		E2ADD812045C72A700CCAA42 = {
			fileEncoding = 30;
			isa = PBXFileReference;
			path = test_threadpool.py;
			refType = 4;
		};
		E2ADD814045C72A700CCAA42 = {
			fileEncoding = 30;
			isa = PBXFileReference;
			path = test_threads.py;
			refType = 4;
		};
		E2ADD816045C72A700CCAA42 = {
			fileEncoding = 30;
			isa = PBXFileReference;
			path = test_timeoutqueue.py;
			refType = 4;
		};
		E2ADD818045C72A700CCAA42 = {
			fileEncoding = 30;
			isa = PBXFileReference;
			path = test_toc.py;
			refType = 4;
		};
		E2ADD81A045C72A700CCAA42 = {
			fileEncoding = 30;
			isa = PBXFileReference;
			path = test_trial.py;
			refType = 4;
		};
		E2ADD81C045C72A700CCAA42 = {
			fileEncoding = 30;
			isa = PBXFileReference;
			path = test_udp.py;
			refType = 4;
		};
		E2ADD81E045C72A700CCAA42 = {
			fileEncoding = 30;
			isa = PBXFileReference;
			path = test_unix.py;
			refType = 4;
		};
		E2ADD820045C72A700CCAA42 = {
			fileEncoding = 30;
			isa = PBXFileReference;
			path = test_usage.py;
			refType = 4;
		};
		E2ADD822045C72A700CCAA42 = {
			fileEncoding = 30;
			isa = PBXFileReference;
			path = test_util.py;
			refType = 4;
		};
		E2ADD824045C72A700CCAA42 = {
			fileEncoding = 30;
			isa = PBXFileReference;
			path = test_web.py;
			refType = 4;
		};
		E2ADD826045C72A700CCAA42 = {
			fileEncoding = 30;
			isa = PBXFileReference;
			path = test_words.py;
			refType = 4;
		};
		E2ADD828045C72A700CCAA42 = {
			fileEncoding = 30;
			isa = PBXFileReference;
			path = test_woven.py;
			refType = 4;
		};
		E2ADD82A045C72A700CCAA42 = {
			fileEncoding = 30;
			isa = PBXFileReference;
			path = test_xml.py;
			refType = 4;
		};
		E2ADD82C045C72A700CCAA42 = {
			fileEncoding = 30;
			isa = PBXFileReference;
			path = test_xmlrpc.py;
			refType = 4;
		};
		E2ADD82E045C72A700CCAA42 = {
			fileEncoding = 30;
			isa = PBXFileReference;
			path = testutils.py;
			refType = 4;
		};
		E2ADD82F045C72A700CCAA42 = {
			fileEncoding = 30;
			isa = PBXFileReference;
			path = threading_latency.py;
			refType = 4;
		};
		E2ADD830045C72A700CCAA42 = {
			children = (
				E2ADD832045C72A700CCAA42,
				E2ADD834045C72A700CCAA42,
				E2ADD835045C72A700CCAA42,
				E2ADD836045C72A700CCAA42,
				E2ADD837045C72A700CCAA42,
				E2ADD838045C72A700CCAA42,
				E2ADD839045C72A700CCAA42,
				E2ADD83A045C72A700CCAA42,
				E2ADD83B045C72A700CCAA42,
				E2ADD83C045C72A700CCAA42,
				E2ADD83D045C72A700CCAA42,
				E2ADD83E045C72A700CCAA42,
				E2ADD83F045C72A700CCAA42,
				E2ADD840045C72A700CCAA42,
				E2ADD841045C72A700CCAA42,
				E2ADD842045C72A700CCAA42,
				E2ADD843045C72A700CCAA42,
			);
			isa = PBXGroup;
			name = im;
			path = ../twisted/im;
			refType = 2;
		};
		E2ADD832045C72A700CCAA42 = {
			fileEncoding = 30;
			isa = PBXFileReference;
			path = __init__.py;
			refType = 4;
		};
		E2ADD834045C72A700CCAA42 = {
			fileEncoding = 30;
			isa = PBXFileReference;
			path = baseaccount.py;
			refType = 4;
		};
		E2ADD835045C72A700CCAA42 = {
			fileEncoding = 30;
			isa = PBXFileReference;
			path = basechat.py;
			refType = 4;
		};
		E2ADD836045C72A700CCAA42 = {
			fileEncoding = 30;
			isa = PBXFileReference;
			path = basesupport.py;
			refType = 4;
		};
		E2ADD837045C72A700CCAA42 = {
			fileEncoding = 30;
			isa = PBXFileReference;
			path = gtkaccount.py;
			refType = 4;
		};
		E2ADD838045C72A700CCAA42 = {
			fileEncoding = 30;
			isa = PBXFileReference;
			path = gtkchat.py;
			refType = 4;
		};
		E2ADD839045C72A700CCAA42 = {
			fileEncoding = 30;
			isa = PBXFileReference;
			path = gtkcommon.py;
			refType = 4;
		};
		E2ADD83A045C72A700CCAA42 = {
			fileEncoding = 30;
			isa = PBXFileReference;
			path = instancemessenger.glade;
			refType = 4;
		};
		E2ADD83B045C72A700CCAA42 = {
			fileEncoding = 30;
			isa = PBXFileReference;
			path = interfaces.py;
			refType = 4;
		};
		E2ADD83C045C72A700CCAA42 = {
			fileEncoding = 30;
			isa = PBXFileReference;
			path = ircsupport.py;
			refType = 4;
		};
		E2ADD83D045C72A700CCAA42 = {
			fileEncoding = 30;
			isa = PBXFileReference;
			path = jyaccount.py;
			refType = 4;
		};
		E2ADD83E045C72A700CCAA42 = {
			fileEncoding = 30;
			isa = PBXFileReference;
			path = jychat.py;
			refType = 4;
		};
		E2ADD83F045C72A700CCAA42 = {
			fileEncoding = 30;
			isa = PBXFileReference;
			path = locals.py;
			refType = 4;
		};
		E2ADD840045C72A700CCAA42 = {
			fileEncoding = 30;
			isa = PBXFileReference;
			path = pbsupport.py;
			refType = 4;
		};
		E2ADD841045C72A700CCAA42 = {
			fileEncoding = 30;
			isa = PBXFileReference;
			path = proxyui.py;
			refType = 4;
		};
		E2ADD842045C72A700CCAA42 = {
			fileEncoding = 30;
			isa = PBXFileReference;
			path = tap.py;
			refType = 4;
		};
		E2ADD843045C72A700CCAA42 = {
			fileEncoding = 30;
			isa = PBXFileReference;
			path = tocsupport.py;
			refType = 4;
		};
		E2ADD844045C72A700CCAA42 = {
			fileEncoding = 30;
			isa = PBXFileReference;
			name = copyright.py;
			path = ../twisted/copyright.py;
			refType = 2;
		};
		E2ADD845045C72A700CCAA42 = {
			children = (
				E2ADD846045C72A700CCAA42,
				E2ADD847045C72A700CCAA42,
				E2ADD849045C72A700CCAA42,
				E2ADD84A045C72A700CCAA42,
				E2ADD84B045C72A700CCAA42,
				E2ADD84C045C72A700CCAA42,
				E2ADD84D045C72A700CCAA42,
				E2ADD84E045C72A700CCAA42,
				E2ADD84F045C72A700CCAA42,
				E2ADD850045C72A700CCAA42,
				E2ADD852045C72A700CCAA42,
				E2ADD853045C72A700CCAA42,
				E2ADD854045C72A700CCAA42,
				E2ADD855045C72A700CCAA42,
				E2ADD856045C72A700CCAA42,
				E2ADD857045C72A700CCAA42,
				E2ADD859045C72A700CCAA42,
				E2ADD85B045C72A700CCAA42,
			);
			isa = PBXGroup;
			name = scripts;
			path = ../twisted/scripts;
			refType = 2;
		};
		E2ADD846045C72A700CCAA42 = {
			fileEncoding = 30;
			isa = PBXFileReference;
			path = .cvsignore;
			refType = 4;
		};
		E2ADD847045C72A700CCAA42 = {
			fileEncoding = 30;
			isa = PBXFileReference;
			path = __init__.py;
			refType = 4;
		};
		E2ADD849045C72A700CCAA42 = {
			fileEncoding = 30;
			isa = PBXFileReference;
			path = bookify.py;
			refType = 4;
		};
		E2ADD84A045C72A700CCAA42 = {
			fileEncoding = 30;
			isa = PBXFileReference;
			path = ckeygen.py;
			refType = 4;
		};
		E2ADD84B045C72A700CCAA42 = {
			fileEncoding = 30;
			isa = PBXFileReference;
			path = coil.py;
			refType = 4;
		};
		E2ADD84C045C72A700CCAA42 = {
			fileEncoding = 30;
			isa = PBXFileReference;
			path = conch.py;
			refType = 4;
		};
		E2ADD84D045C72A700CCAA42 = {
			fileEncoding = 30;
			isa = PBXFileReference;
			path = im.py;
			refType = 4;
		};
		E2ADD84E045C72A700CCAA42 = {
			fileEncoding = 30;
			isa = PBXFileReference;
			path = lore.py;
			refType = 4;
		};
		E2ADD84F045C72A700CCAA42 = {
			fileEncoding = 30;
			isa = PBXFileReference;
			path = manhole.py;
			refType = 4;
		};
		E2ADD850045C72A700CCAA42 = {
			fileEncoding = 30;
			isa = PBXFileReference;
			path = mktap.py;
			refType = 4;
		};
		E2ADD852045C72A700CCAA42 = {
			fileEncoding = 30;
			isa = PBXFileReference;
			path = tap2deb.py;
			refType = 4;
		};
		E2ADD853045C72A700CCAA42 = {
			fileEncoding = 30;
			isa = PBXFileReference;
			path = tapconvert.py;
			refType = 4;
		};
		E2ADD854045C72A700CCAA42 = {
			fileEncoding = 30;
			isa = PBXFileReference;
			path = tkconch.py;
			refType = 4;
		};
		E2ADD855045C72A700CCAA42 = {
			fileEncoding = 30;
			isa = PBXFileReference;
			path = tkmktap.py;
			refType = 4;
		};
		E2ADD856045C72A700CCAA42 = {
			fileEncoding = 30;
			isa = PBXFileReference;
			path = tktwistd.py;
			refType = 4;
		};
		E2ADD857045C72A700CCAA42 = {
			fileEncoding = 30;
			isa = PBXFileReference;
			path = trial.py;
			refType = 4;
		};
		E2ADD859045C72A700CCAA42 = {
			fileEncoding = 30;
			isa = PBXFileReference;
			path = twistd.py;
			refType = 4;
		};
		E2ADD85B045C72A700CCAA42 = {
			fileEncoding = 30;
			isa = PBXFileReference;
			path = websetroot.py;
			refType = 4;
		};
		E2ADD85C045C72A700CCAA42 = {
			children = (
				E2ADD85D045C72A700CCAA42,
				E2ADD85E045C72A700CCAA42,
				E2ADD860045C72A700CCAA42,
				E2ADD861045C72A700CCAA42,
				E2ADD863045C72A700CCAA42,
				E2ADD86F045C72A700CCAA42,
			);
			isa = PBXGroup;
			name = coil;
			path = ../twisted/coil;
			refType = 2;
		};
		E2ADD85D045C72A700CCAA42 = {
			fileEncoding = 30;
			isa = PBXFileReference;
			path = .cvsignore;
			refType = 4;
		};
		E2ADD85E045C72A700CCAA42 = {
			fileEncoding = 30;
			isa = PBXFileReference;
			path = __init__.py;
			refType = 4;
		};
		E2ADD860045C72A700CCAA42 = {
			fileEncoding = 30;
			isa = PBXFileReference;
			path = app.py;
			refType = 4;
		};
		E2ADD861045C72A700CCAA42 = {
			fileEncoding = 30;
			isa = PBXFileReference;
			path = coil.py;
			refType = 4;
		};
		E2ADD863045C72A700CCAA42 = {
			children = (
				E2ADD864045C72A700CCAA42,
				E2ADD865045C72A700CCAA42,
				E2ADD866045C72A700CCAA42,
				E2ADD867045C72A700CCAA42,
				E2ADD868045C72A700CCAA42,
				E2ADD869045C72A700CCAA42,
				E2ADD86A045C72A700CCAA42,
				E2ADD86B045C72A700CCAA42,
				E2ADD86C045C72A700CCAA42,
				E2ADD86D045C72A700CCAA42,
				E2ADD86E045C72A700CCAA42,
			);
			isa = PBXGroup;
			path = plugins;
			refType = 4;
		};
		E2ADD864045C72A700CCAA42 = {
			fileEncoding = 30;
			isa = PBXFileReference;
			path = .cvsignore;
			refType = 4;
		};
		E2ADD865045C72A700CCAA42 = {
			fileEncoding = 30;
			isa = PBXFileReference;
			path = __init__.py;
			refType = 4;
		};
		E2ADD866045C72A700CCAA42 = {
			isa = PBXFileReference;
			path = __init__.pyc;
			refType = 4;
		};
		E2ADD867045C72A700CCAA42 = {
			fileEncoding = 30;
			isa = PBXFileReference;
			path = ftp.py;
			refType = 4;
		};
		E2ADD868045C72A700CCAA42 = {
			fileEncoding = 30;
			isa = PBXFileReference;
			path = mail.py;
			refType = 4;
		};
		E2ADD869045C72A700CCAA42 = {
			fileEncoding = 30;
			isa = PBXFileReference;
			path = manhole.py;
			refType = 4;
		};
		E2ADD86A045C72A700CCAA42 = {
			fileEncoding = 30;
			isa = PBXFileReference;
			path = portforward.py;
			refType = 4;
		};
		E2ADD86B045C72A700CCAA42 = {
			fileEncoding = 30;
			isa = PBXFileReference;
			path = socks.py;
			refType = 4;
		};
		E2ADD86C045C72A700CCAA42 = {
			fileEncoding = 30;
			isa = PBXFileReference;
			path = telnet.py;
			refType = 4;
		};
		E2ADD86D045C72A700CCAA42 = {
			fileEncoding = 30;
			isa = PBXFileReference;
			path = web.py;
			refType = 4;
		};
		E2ADD86E045C72A700CCAA42 = {
			fileEncoding = 30;
			isa = PBXFileReference;
			path = words.py;
			refType = 4;
		};
		E2ADD86F045C72A700CCAA42 = {
			fileEncoding = 30;
			isa = PBXFileReference;
			path = web.py;
			refType = 4;
		};
		E2ADD870045C72A700CCAA42 = {
			fileEncoding = 30;
			isa = PBXFileReference;
			name = __init__.py;
			path = ../twisted/__init__.py;
			refType = 2;
		};
		E2ADD871045C72A700CCAA42 = {
			children = (
				E2ADD872045C72A700CCAA42,
				E2ADD873045C72A700CCAA42,
				E2ADD875045C72A700CCAA42,
				E2ADD877045C72A700CCAA42,
				E2ADD879045C72A700CCAA42,
				E2ADD87B045C72A700CCAA42,
				E2ADD884045C72A700CCAA42,
				E2ADD886045C72A700CCAA42,
			);
			isa = PBXGroup;
			name = persisted;
			path = ../twisted/persisted;
			refType = 2;
		};
		E2ADD872045C72A700CCAA42 = {
			fileEncoding = 30;
			isa = PBXFileReference;
			path = .cvsignore;
			refType = 4;
		};
		E2ADD873045C72A700CCAA42 = {
			fileEncoding = 30;
			isa = PBXFileReference;
			path = __init__.py;
			refType = 4;
		};
		E2ADD875045C72A700CCAA42 = {
			fileEncoding = 30;
			isa = PBXFileReference;
			path = aot.py;
			refType = 4;
		};
		E2ADD877045C72A700CCAA42 = {
			fileEncoding = 30;
			isa = PBXFileReference;
			path = crefutil.py;
			refType = 4;
		};
		E2ADD879045C72A700CCAA42 = {
			fileEncoding = 30;
			isa = PBXFileReference;
			path = dirdbm.py;
			refType = 4;
		};
		E2ADD87B045C72A700CCAA42 = {
			children = (
				E2ADD87C045C72A700CCAA42,
				E2ADD87D045C72A700CCAA42,
				E2ADD87E045C72A700CCAA42,
				E2ADD87F045C72A700CCAA42,
				E2ADD880045C72A700CCAA42,
				E2ADD881045C72A700CCAA42,
				E2ADD882045C72A700CCAA42,
				E2ADD883045C72A700CCAA42,
			);
			isa = PBXGroup;
			path = journal;
			refType = 4;
		};
		E2ADD87C045C72A700CCAA42 = {
			fileEncoding = 30;
			isa = PBXFileReference;
			path = .cvsignore;
			refType = 4;
		};
		E2ADD87D045C72A700CCAA42 = {
			fileEncoding = 30;
			isa = PBXFileReference;
			path = __init__.py;
			refType = 4;
		};
		E2ADD87E045C72A700CCAA42 = {
			isa = PBXFileReference;
			path = __init__.pyc;
			refType = 4;
		};
		E2ADD87F045C72A700CCAA42 = {
			fileEncoding = 30;
			isa = PBXFileReference;
			path = base.py;
			refType = 4;
		};
		E2ADD880045C72A700CCAA42 = {
			isa = PBXFileReference;
			path = base.pyc;
			refType = 4;
		};
		E2ADD881045C72A700CCAA42 = {
			fileEncoding = 30;
			isa = PBXFileReference;
			path = picklelog.py;
			refType = 4;
		};
		E2ADD882045C72A700CCAA42 = {
			isa = PBXFileReference;
			path = picklelog.pyc;
			refType = 4;
		};
		E2ADD883045C72A700CCAA42 = {
			fileEncoding = 30;
			isa = PBXFileReference;
			path = rowjournal.py;
			refType = 4;
		};
		E2ADD884045C72A700CCAA42 = {
			fileEncoding = 30;
			isa = PBXFileReference;
			path = marmalade.py;
			refType = 4;
		};
		E2ADD886045C72A700CCAA42 = {
			fileEncoding = 30;
			isa = PBXFileReference;
			path = styles.py;
			refType = 4;
		};
		E2ADD888045C72A700CCAA42 = {
			children = (
				E2ADD88A045C72A700CCAA42,
				E2ADD88C045C72A700CCAA42,
				E2ADD88E045C72A700CCAA42,
				E2ADD890045C72A700CCAA42,
				E2ADD892045C72A700CCAA42,
				E2ADD893045C72A700CCAA42,
				E2ADD895045C72A700CCAA42,
				E2ADD896045C72A800CCAA42,
				E2ADD89D045C72A800CCAA42,
				E2ADD89F045C72A800CCAA42,
				E2ADD8A1045C72A800CCAA42,
				E2ADD8A3045C72A800CCAA42,
				E2ADD8A5045C72A800CCAA42,
				E2ADD8A7045C72A800CCAA42,
				E2ADD8AC045C72A800CCAA42,
				E2ADD8AE045C72A800CCAA42,
				E2ADD8B0045C72A800CCAA42,
				E2ADD8B2045C72A800CCAA42,
				E2ADD8B4045C72A800CCAA42,
				E2ADD8B6045C72A800CCAA42,
				E2ADD8B8045C72A800CCAA42,
				E2ADD8B9045C72A800CCAA42,
				E2ADD8BA045C72A800CCAA42,
				E2ADD8BC045C72A800CCAA42,
				E2ADD8BD045C72A800CCAA42,
				E2ADD8BF045C72A800CCAA42,
				E2ADD8C1045C72A800CCAA42,
				E2ADD8C3045C72A800CCAA42,
			);
			isa = PBXGroup;
			name = protocols;
			path = ../twisted/protocols;
			refType = 2;
		};
		E2ADD88A045C72A700CCAA42 = {
			fileEncoding = 30;
			isa = PBXFileReference;
			path = __init__.py;
			refType = 4;
		};
		E2ADD88C045C72A700CCAA42 = {
			fileEncoding = 30;
			isa = PBXFileReference;
			path = basic.py;
			refType = 4;
		};
		E2ADD88E045C72A700CCAA42 = {
			fileEncoding = 30;
			isa = PBXFileReference;
			path = dict.py;
			refType = 4;
		};
		E2ADD890045C72A700CCAA42 = {
			fileEncoding = 30;
			isa = PBXFileReference;
			path = dns.py;
			refType = 4;
		};
		E2ADD892045C72A700CCAA42 = {
			fileEncoding = 30;
			isa = PBXFileReference;
			path = finger.py;
			refType = 4;
		};
		E2ADD893045C72A700CCAA42 = {
			fileEncoding = 30;
			isa = PBXFileReference;
			path = ftp.py;
			refType = 4;
		};
		E2ADD895045C72A700CCAA42 = {
			fileEncoding = 30;
			isa = PBXFileReference;
			path = gnutella.py;
			refType = 4;
		};
		E2ADD896045C72A800CCAA42 = {
			children = (
				E2ADD898045C72A800CCAA42,
				E2ADD89A045C72A800CCAA42,
				E2ADD89C045C72A800CCAA42,
			);
			isa = PBXGroup;
			path = gps;
			refType = 4;
		};
		E2ADD898045C72A800CCAA42 = {
			fileEncoding = 30;
			isa = PBXFileReference;
			path = __init__.py;
			refType = 4;
		};
		E2ADD89A045C72A800CCAA42 = {
			fileEncoding = 30;
			isa = PBXFileReference;
			path = nmea.py;
			refType = 4;
		};
		E2ADD89C045C72A800CCAA42 = {
			fileEncoding = 30;
			isa = PBXFileReference;
			path = rockwell.py;
			refType = 4;
		};
		E2ADD89D045C72A800CCAA42 = {
			fileEncoding = 30;
			isa = PBXFileReference;
			path = htb.py;
			refType = 4;
		};
		E2ADD89F045C72A800CCAA42 = {
			fileEncoding = 30;
			isa = PBXFileReference;
			path = http.py;
			refType = 4;
		};
		E2ADD8A1045C72A800CCAA42 = {
			fileEncoding = 30;
			isa = PBXFileReference;
			path = imap4.py;
			refType = 4;
		};
		E2ADD8A3045C72A800CCAA42 = {
			fileEncoding = 30;
			isa = PBXFileReference;
			path = irc.py;
			refType = 4;
		};
		E2ADD8A5045C72A800CCAA42 = {
			fileEncoding = 30;
			isa = PBXFileReference;
			path = loopback.py;
			refType = 4;
		};
		E2ADD8A7045C72A800CCAA42 = {
			children = (
				E2ADD8A9045C72A800CCAA42,
				E2ADD8AB045C72A800CCAA42,
			);
			isa = PBXGroup;
			path = mice;
			refType = 4;
		};
		E2ADD8A9045C72A800CCAA42 = {
			fileEncoding = 30;
			isa = PBXFileReference;
			path = __init__.py;
			refType = 4;
		};
		E2ADD8AB045C72A800CCAA42 = {
			fileEncoding = 30;
			isa = PBXFileReference;
			path = mouseman.py;
			refType = 4;
		};
		E2ADD8AC045C72A800CCAA42 = {
			fileEncoding = 30;
			isa = PBXFileReference;
			path = msn.py;
			refType = 4;
		};
		E2ADD8AE045C72A800CCAA42 = {
			fileEncoding = 30;
			isa = PBXFileReference;
			path = nntp.py;
			refType = 4;
		};
		E2ADD8B0045C72A800CCAA42 = {
			fileEncoding = 30;
			isa = PBXFileReference;
			path = oscar.py;
			refType = 4;
		};
		E2ADD8B2045C72A800CCAA42 = {
			fileEncoding = 30;
			isa = PBXFileReference;
			path = pcp.py;
			refType = 4;
		};
		E2ADD8B4045C72A800CCAA42 = {
			fileEncoding = 30;
			isa = PBXFileReference;
			path = policies.py;
			refType = 4;
		};
		E2ADD8B6045C72A800CCAA42 = {
			fileEncoding = 30;
			isa = PBXFileReference;
			path = pop3.py;
			refType = 4;
		};
		E2ADD8B8045C72A800CCAA42 = {
			fileEncoding = 30;
			isa = PBXFileReference;
			path = portforward.py;
			refType = 4;
		};
		E2ADD8B9045C72A800CCAA42 = {
			fileEncoding = 30;
			isa = PBXFileReference;
			path = shoutcast.py;
			refType = 4;
		};
		E2ADD8BA045C72A800CCAA42 = {
			fileEncoding = 30;
			isa = PBXFileReference;
			path = smtp.py;
			refType = 4;
		};
		E2ADD8BC045C72A800CCAA42 = {
			fileEncoding = 30;
			isa = PBXFileReference;
			path = socks.py;
			refType = 4;
		};
		E2ADD8BD045C72A800CCAA42 = {
			fileEncoding = 30;
			isa = PBXFileReference;
			path = sux.py;
			refType = 4;
		};
		E2ADD8BF045C72A800CCAA42 = {
			fileEncoding = 30;
			isa = PBXFileReference;
			path = telnet.py;
			refType = 4;
		};
		E2ADD8C1045C72A800CCAA42 = {
			fileEncoding = 30;
			isa = PBXFileReference;
			path = toc.py;
			refType = 4;
		};
		E2ADD8C3045C72A800CCAA42 = {
			fileEncoding = 30;
			isa = PBXFileReference;
			path = wire.py;
			refType = 4;
		};
		E2ADD8C5045C72A800CCAA42 = {
			children = (
				E2ADD8C6045C72A800CCAA42,
				E2ADD8C7045C72A800CCAA42,
				E2ADD8C9045C72A800CCAA42,
				E2ADD8CB045C72A800CCAA42,
			);
			isa = PBXGroup;
			name = news;
			path = ../twisted/news;
			refType = 2;
		};
		E2ADD8C6045C72A800CCAA42 = {
			fileEncoding = 30;
			isa = PBXFileReference;
			path = .cvsignore;
			refType = 4;
		};
		E2ADD8C7045C72A800CCAA42 = {
			fileEncoding = 30;
			isa = PBXFileReference;
			path = __init__.py;
			refType = 4;
		};
		E2ADD8C9045C72A800CCAA42 = {
			fileEncoding = 30;
			isa = PBXFileReference;
			path = database.py;
			refType = 4;
		};
		E2ADD8CB045C72A800CCAA42 = {
			fileEncoding = 30;
			isa = PBXFileReference;
			path = news.py;
			refType = 4;
		};
		E2ADD8CD045C72A800CCAA42 = {
			children = (
				E2ADD8CF045C72A800CCAA42,
				E2ADD8D1045C72A800CCAA42,
				E2ADD8D3045C72A800CCAA42,
				E2ADD8D5045C72A800CCAA42,
				E2ADD8D7045C72A800CCAA42,
				E2ADD8E4045C72A800CCAA42,
				E2ADD8E6045C72A800CCAA42,
				E2ADD8E8045C72A800CCAA42,
				E2ADD8EA045C72A800CCAA42,
				E2ADD8EC045C72A800CCAA42,
				E2ADD8ED045C72A800CCAA42,
				E2ADD8EE045C72A800CCAA42,
				E2ADD8F0045C72A800CCAA42,
				E2ADD8F1045C72A800CCAA42,
				E2ADD8F2045C72A800CCAA42,
				E2ADD8F4045C72A800CCAA42,
				E2ADD8F5045C72A800CCAA42,
				E2ADD8F7045C72A800CCAA42,
				E2ADD8F9045C72A800CCAA42,
				E2ADD8FA045C72A800CCAA42,
				E2ADD8FB045C72A800CCAA42,
				E2ADD8FD045C72A800CCAA42,
				E2ADD906045C72A800CCAA42,
				E2ADD908045C72A800CCAA42,
				E2ADD90A045C72A800CCAA42,
				E2ADD90C045C72A800CCAA42,
				E2ADD90E045C72A800CCAA42,
				E2ADD910045C72A800CCAA42,
				E2ADD911045C72A800CCAA42,
				E2ADD913045C72A800CCAA42,
				E2ADD915045C72A800CCAA42,
				E2ADD917045C72A800CCAA42,
				E2ADD918045C72A800CCAA42,
			);
			isa = PBXGroup;
			name = internet;
			path = ../twisted/internet;
			refType = 2;
		};
		E2ADD8CF045C72A800CCAA42 = {
			fileEncoding = 30;
			isa = PBXFileReference;
			path = __init__.py;
			refType = 4;
		};
		E2ADD8D1045C72A800CCAA42 = {
			fileEncoding = 30;
			isa = PBXFileReference;
			path = abstract.py;
			refType = 4;
		};
		E2ADD8D3045C72A800CCAA42 = {
			fileEncoding = 30;
			isa = PBXFileReference;
			path = app.py;
			refType = 4;
		};
		E2ADD8D5045C72A800CCAA42 = {
			fileEncoding = 30;
			isa = PBXFileReference;
			path = base.py;
			refType = 4;
		};
		E2ADD8D7045C72A800CCAA42 = {
			children = (
				E2ADD8D8045C72A800CCAA42,
				E2ADD8D9045C72A800CCAA42,
				E2ADD8DA045C72A800CCAA42,
				E2ADD8DB045C72A800CCAA42,
				E2ADD8DC045C72A800CCAA42,
				E2ADD8DD045C72A800CCAA42,
				E2ADD8DE045C72A800CCAA42,
				E2ADD8DF045C72A800CCAA42,
				E2ADD8E0045C72A800CCAA42,
				E2ADD8E1045C72A800CCAA42,
				E2ADD8E2045C72A800CCAA42,
				E2ADD8E3045C72A800CCAA42,
			);
			isa = PBXGroup;
			path = cReactor;
			refType = 4;
		};
		E2ADD8D8045C72A800CCAA42 = {
			fileEncoding = 30;
			isa = PBXFileReference;
			path = .cvsignore;
			refType = 4;
		};
		E2ADD8D9045C72A800CCAA42 = {
			fileEncoding = 30;
			isa = PBXFileReference;
			path = cDelayedCall.c;
			refType = 4;
		};
		E2ADD8DA045C72A800CCAA42 = {
			fileEncoding = 30;
			isa = PBXFileReference;
			path = cReactor.c;
			refType = 4;
		};
		E2ADD8DB045C72A800CCAA42 = {
			fileEncoding = 30;
			isa = PBXFileReference;
			path = cReactor.h;
			refType = 4;
		};
		E2ADD8DC045C72A800CCAA42 = {
			fileEncoding = 30;
			isa = PBXFileReference;
			path = cReactorBuffer.c;
			refType = 4;
		};
		E2ADD8DD045C72A800CCAA42 = {
			fileEncoding = 30;
			isa = PBXFileReference;
			path = cReactorModule.c;
			refType = 4;
		};
		E2ADD8DE045C72A800CCAA42 = {
			fileEncoding = 30;
			isa = PBXFileReference;
			path = cReactorTCP.c;
			refType = 4;
		};
		E2ADD8DF045C72A800CCAA42 = {
			fileEncoding = 30;
			isa = PBXFileReference;
			path = cReactorThread.c;
			refType = 4;
		};
		E2ADD8E0045C72A800CCAA42 = {
			fileEncoding = 30;
			isa = PBXFileReference;
			path = cReactorTime.c;
			refType = 4;
		};
		E2ADD8E1045C72A800CCAA42 = {
			fileEncoding = 30;
			isa = PBXFileReference;
			path = cReactorTransport.c;
			refType = 4;
		};
		E2ADD8E2045C72A800CCAA42 = {
			fileEncoding = 30;
			isa = PBXFileReference;
			path = cReactorUtil.c;
			refType = 4;
		};
		E2ADD8E3045C72A800CCAA42 = {
			fileEncoding = 30;
			isa = PBXFileReference;
			path = cSystemEvent.c;
			refType = 4;
		};
		E2ADD8E4045C72A800CCAA42 = {
			fileEncoding = 30;
			isa = PBXFileReference;
			path = default.py;
			refType = 4;
		};
		E2ADD8E6045C72A800CCAA42 = {
			fileEncoding = 30;
			isa = PBXFileReference;
			path = defer.py;
			refType = 4;
		};
		E2ADD8E8045C72A800CCAA42 = {
			fileEncoding = 30;
			isa = PBXFileReference;
			path = error.py;
			refType = 4;
		};
		E2ADD8EA045C72A800CCAA42 = {
			fileEncoding = 30;
			isa = PBXFileReference;
			path = fdesc.py;
			refType = 4;
		};
		E2ADD8EC045C72A800CCAA42 = {
			fileEncoding = 30;
			isa = PBXFileReference;
			path = gtk2reactor.py;
			refType = 4;
		};
		E2ADD8ED045C72A800CCAA42 = {
			fileEncoding = 30;
			isa = PBXFileReference;
			path = gtkreactor.py;
			refType = 4;
		};
		E2ADD8EE045C72A800CCAA42 = {
			fileEncoding = 30;
			isa = PBXFileReference;
			path = interfaces.py;
			refType = 4;
		};
		E2ADD8F0045C72A800CCAA42 = {
			fileEncoding = 30;
			isa = PBXFileReference;
			path = javareactor.py;
			refType = 4;
		};
		E2ADD8F1045C72A800CCAA42 = {
			fileEncoding = 30;
			isa = PBXFileReference;
			path = kqreactor.py;
			refType = 4;
		};
		E2ADD8F2045C72A800CCAA42 = {
			fileEncoding = 30;
			isa = PBXFileReference;
			path = main.py;
			refType = 4;
		};
		E2ADD8F4045C72A800CCAA42 = {
			fileEncoding = 30;
			isa = PBXFileReference;
			path = pollreactor.py;
			refType = 4;
		};
		E2ADD8F5045C72A800CCAA42 = {
			fileEncoding = 30;
			isa = PBXFileReference;
			path = process.py;
			refType = 4;
		};
		E2ADD8F7045C72A800CCAA42 = {
			fileEncoding = 30;
			isa = PBXFileReference;
			path = protocol.py;
			refType = 4;
		};
		E2ADD8F9045C72A800CCAA42 = {
			fileEncoding = 30;
			isa = PBXFileReference;
			path = pyuisupport.py;
			refType = 4;
		};
		E2ADD8FA045C72A800CCAA42 = {
			fileEncoding = 30;
			isa = PBXFileReference;
			path = qtreactor.py;
			refType = 4;
		};
		E2ADD8FB045C72A800CCAA42 = {
			fileEncoding = 30;
			isa = PBXFileReference;
			path = reactor.py;
			refType = 4;
		};
		E2ADD8FD045C72A800CCAA42 = {
			children = (
				E2ADD8FF045C72A800CCAA42,
				E2ADD901045C72A800CCAA42,
				E2ADD902045C72A800CCAA42,
				E2ADD903045C72A800CCAA42,
				E2ADD905045C72A800CCAA42,
			);
			isa = PBXGroup;
			path = serialport;
			refType = 4;
		};
		E2ADD8FF045C72A800CCAA42 = {
			fileEncoding = 30;
			isa = PBXFileReference;
			path = __init__.py;
			refType = 4;
		};
		E2ADD901045C72A800CCAA42 = {
			fileEncoding = 30;
			isa = PBXFileReference;
			path = javaserialport.py;
			refType = 4;
		};
		E2ADD902045C72A800CCAA42 = {
			fileEncoding = 30;
			isa = PBXFileReference;
			path = posixserialport.py;
			refType = 4;
		};
		E2ADD903045C72A800CCAA42 = {
			fileEncoding = 30;
			isa = PBXFileReference;
			path = serialport.py;
			refType = 4;
		};
		E2ADD905045C72A800CCAA42 = {
			fileEncoding = 30;
			isa = PBXFileReference;
			path = win32serialport.py;
			refType = 4;
		};
		E2ADD906045C72A800CCAA42 = {
			fileEncoding = 30;
			isa = PBXFileReference;
			path = ssl.py;
			refType = 4;
		};
		E2ADD908045C72A800CCAA42 = {
			fileEncoding = 30;
			isa = PBXFileReference;
			path = stdio.py;
			refType = 4;
		};
		E2ADD90A045C72A800CCAA42 = {
			fileEncoding = 30;
			isa = PBXFileReference;
			path = task.py;
			refType = 4;
		};
		E2ADD90C045C72A800CCAA42 = {
			fileEncoding = 30;
			isa = PBXFileReference;
			path = tcp.py;
			refType = 4;
		};
		E2ADD90E045C72A800CCAA42 = {
			fileEncoding = 30;
			isa = PBXFileReference;
			path = threads.py;
			refType = 4;
		};
		E2ADD910045C72A800CCAA42 = {
			fileEncoding = 30;
			isa = PBXFileReference;
			path = tksupport.py;
			refType = 4;
		};
		E2ADD911045C72A800CCAA42 = {
			fileEncoding = 30;
			isa = PBXFileReference;
			path = udp.py;
			refType = 4;
		};
		E2ADD913045C72A800CCAA42 = {
			fileEncoding = 30;
			isa = PBXFileReference;
			path = unix.py;
			refType = 4;
		};
		E2ADD915045C72A800CCAA42 = {
			fileEncoding = 30;
			isa = PBXFileReference;
			path = utils.py;
			refType = 4;
		};
		E2ADD917045C72A800CCAA42 = {
			fileEncoding = 30;
			isa = PBXFileReference;
			path = win32eventreactor.py;
			refType = 4;
		};
		E2ADD918045C72A800CCAA42 = {
			fileEncoding = 30;
			isa = PBXFileReference;
			path = wxsupport.py;
			refType = 4;
		};
		E2ADD91A045C72A800CCAA42 = {
			children = (
				E2ADD91C045C72A800CCAA42,
				E2ADD91E045C72A800CCAA42,
				E2ADD920045C72A800CCAA42,
				E2ADD922045C72A800CCAA42,
				E2ADD924045C72A800CCAA42,
				E2ADD926045C72A800CCAA42,
				E2ADD928045C72A800CCAA42,
				E2ADD92A045C72A800CCAA42,
				E2ADD92C045C72A800CCAA42,
			);
			isa = PBXGroup;
			name = names;
			path = ../twisted/names;
			refType = 2;
		};
		E2ADD91C045C72A800CCAA42 = {
			fileEncoding = 30;
			isa = PBXFileReference;
			path = __init__.py;
			refType = 4;
		};
		E2ADD91E045C72A800CCAA42 = {
			fileEncoding = 30;
			isa = PBXFileReference;
			path = authority.py;
			refType = 4;
		};
		E2ADD920045C72A800CCAA42 = {
			fileEncoding = 30;
			isa = PBXFileReference;
			path = cache.py;
			refType = 4;
		};
		E2ADD922045C72A800CCAA42 = {
			fileEncoding = 30;
			isa = PBXFileReference;
			path = client.py;
			refType = 4;
		};
		E2ADD924045C72A800CCAA42 = {
			fileEncoding = 30;
			isa = PBXFileReference;
			path = common.py;
			refType = 4;
		};
		E2ADD926045C72A800CCAA42 = {
			fileEncoding = 30;
			isa = PBXFileReference;
			path = hosts.py;
			refType = 4;
		};
		E2ADD928045C72A800CCAA42 = {
			fileEncoding = 30;
			isa = PBXFileReference;
			path = resolve.py;
			refType = 4;
		};
		E2ADD92A045C72A800CCAA42 = {
			fileEncoding = 30;
			isa = PBXFileReference;
			path = server.py;
			refType = 4;
		};
		E2ADD92C045C72A800CCAA42 = {
			fileEncoding = 30;
			isa = PBXFileReference;
			path = tap.py;
			refType = 4;
		};
		E2ADD92D045C72A800CCAA42 = {
			fileEncoding = 30;
			isa = PBXFileReference;
			name = plugins.tml;
			path = ../twisted/plugins.tml;
			refType = 2;
		};
		E2ADD92E045C72A800CCAA42 = {
			children = (
				E2ADD930045C72A800CCAA42,
				E2ADD932045C72A800CCAA42,
				E2ADD933045C72A800CCAA42,
				E2ADD935045C72A800CCAA42,
				E2ADD937045C72A800CCAA42,
				E2ADD94B045C72A800CCAA42,
			);
			isa = PBXGroup;
			name = conch;
			path = ../twisted/conch;
			refType = 2;
		};
		E2ADD930045C72A800CCAA42 = {
			fileEncoding = 30;
			isa = PBXFileReference;
			path = __init__.py;
			refType = 4;
		};
		E2ADD932045C72A800CCAA42 = {
			fileEncoding = 30;
			isa = PBXFileReference;
			path = authorizer.py;
			refType = 4;
		};
		E2ADD933045C72A800CCAA42 = {
			fileEncoding = 30;
			isa = PBXFileReference;
			path = error.py;
			refType = 4;
		};
		E2ADD935045C72A800CCAA42 = {
			fileEncoding = 30;
			isa = PBXFileReference;
			path = identity.py;
			refType = 4;
		};
		E2ADD937045C72A800CCAA42 = {
			children = (
				E2ADD939045C72A800CCAA42,
				E2ADD93B045C72A800CCAA42,
				E2ADD93C045C72A800CCAA42,
				E2ADD93D045C72A800CCAA42,
				E2ADD93E045C72A800CCAA42,
				E2ADD93F045C72A800CCAA42,
				E2ADD940045C72A800CCAA42,
				E2ADD941045C72A800CCAA42,
				E2ADD943045C72A800CCAA42,
				E2ADD944045C72A800CCAA42,
				E2ADD945045C72A800CCAA42,
				E2ADD946045C72A800CCAA42,
				E2ADD947045C72A800CCAA42,
				E2ADD948045C72A800CCAA42,
				E2ADD949045C72A800CCAA42,
				E2ADD94A045C72A800CCAA42,
			);
			isa = PBXGroup;
			path = ssh;
			refType = 4;
		};
		E2ADD939045C72A800CCAA42 = {
			fileEncoding = 30;
			isa = PBXFileReference;
			path = __init__.py;
			refType = 4;
		};
		E2ADD93B045C72A800CCAA42 = {
			fileEncoding = 30;
			isa = PBXFileReference;
			path = asn1.py;
			refType = 4;
		};
		E2ADD93C045C72A800CCAA42 = {
			fileEncoding = 30;
			isa = PBXFileReference;
			path = channel.py;
			refType = 4;
		};
		E2ADD93D045C72A800CCAA42 = {
			fileEncoding = 30;
			isa = PBXFileReference;
			path = common.py;
			refType = 4;
		};
		E2ADD93E045C72A800CCAA42 = {
			fileEncoding = 30;
			isa = PBXFileReference;
			path = connection.py;
			refType = 4;
		};
		E2ADD93F045C72A800CCAA42 = {
			fileEncoding = 30;
			isa = PBXFileReference;
			path = factory.py;
			refType = 4;
		};
		E2ADD940045C72A800CCAA42 = {
			fileEncoding = 30;
			isa = PBXFileReference;
			path = forwarding.py;
			refType = 4;
		};
		E2ADD941045C72A800CCAA42 = {
			fileEncoding = 30;
			isa = PBXFileReference;
			path = keys.py;
			refType = 4;
		};
		E2ADD943045C72A800CCAA42 = {
			fileEncoding = 30;
			isa = PBXFileReference;
			path = pamauth.py;
			refType = 4;
		};
		E2ADD944045C72A800CCAA42 = {
			fileEncoding = 30;
			isa = PBXFileReference;
			path = primes.py;
			refType = 4;
		};
		E2ADD945045C72A800CCAA42 = {
			fileEncoding = 30;
			isa = PBXFileReference;
			path = service.py;
			refType = 4;
		};
		E2ADD946045C72A800CCAA42 = {
			fileEncoding = 30;
			isa = PBXFileReference;
			path = session.py;
			refType = 4;
		};
		E2ADD947045C72A800CCAA42 = {
			fileEncoding = 30;
			isa = PBXFileReference;
			path = sexpy.py;
			refType = 4;
		};
		E2ADD948045C72A800CCAA42 = {
			fileEncoding = 30;
			isa = PBXFileReference;
			path = transport.py;
			refType = 4;
		};
		E2ADD949045C72A800CCAA42 = {
			fileEncoding = 30;
			isa = PBXFileReference;
			path = ttymodes.py;
			refType = 4;
		};
		E2ADD94A045C72A800CCAA42 = {
			fileEncoding = 30;
			isa = PBXFileReference;
			path = userauth.py;
			refType = 4;
		};
		E2ADD94B045C72A800CCAA42 = {
			children = (
				E2ADD94D045C72A800CCAA42,
				E2ADD94F045C72A800CCAA42,
				E2ADD950045C72A800CCAA42,
			);
			isa = PBXGroup;
			path = ui;
			refType = 4;
		};
		E2ADD94D045C72A800CCAA42 = {
			fileEncoding = 30;
			isa = PBXFileReference;
			path = __init__.py;
			refType = 4;
		};
		E2ADD94F045C72A800CCAA42 = {
			fileEncoding = 30;
			isa = PBXFileReference;
			path = ansi.py;
			refType = 4;
		};
		E2ADD950045C72A800CCAA42 = {
			fileEncoding = 30;
			isa = PBXFileReference;
			path = tkvt100.py;
			refType = 4;
		};
		E2ADD951045C72A800CCAA42 = {
			children = (
				E2ADD953045C72A800CCAA42,
				E2ADD955045C72A800CCAA42,
				E2ADD956045C72A800CCAA42,
				E2ADD958045C72A800CCAA42,
				E2ADD95A045C72A800CCAA42,
				E2ADD95C045C72A800CCAA42,
			);
			isa = PBXGroup;
			name = words;
			path = ../twisted/words;
			refType = 2;
		};
		E2ADD953045C72A800CCAA42 = {
			fileEncoding = 30;
			isa = PBXFileReference;
			path = __init__.py;
			refType = 4;
		};
		E2ADD955045C72A800CCAA42 = {
			fileEncoding = 30;
			isa = PBXFileReference;
			path = botbot.py;
			refType = 4;
		};
		E2ADD956045C72A800CCAA42 = {
			fileEncoding = 30;
			isa = PBXFileReference;
			path = ircservice.py;
			refType = 4;
		};
		E2ADD958045C72A800CCAA42 = {
			fileEncoding = 30;
			isa = PBXFileReference;
			path = service.py;
			refType = 4;
		};
		E2ADD95A045C72A800CCAA42 = {
			fileEncoding = 30;
			isa = PBXFileReference;
			path = tendril.py;
			refType = 4;
		};
		E2ADD95C045C72A800CCAA42 = {
			fileEncoding = 30;
			isa = PBXFileReference;
			path = webwords.py;
			refType = 4;
		};
		E2ADD95D045C72A800CCAA42 = {
			children = (
				E2ADD95F045C72A800CCAA42,
				E2ADD961045C72A800CCAA42,
				E2ADD963045C72A800CCAA42,
				E2ADD967045C72A800CCAA42,
				E2ADD968045C72A800CCAA42,
				E2ADD969045C72A800CCAA42,
				E2ADD96A045C72A800CCAA42,
				E2ADD96C045C72A800CCAA42,
				E2ADD96E045C72A800CCAA42,
				E2ADD970045C72A800CCAA42,
				E2ADD971045C72A800CCAA42,
				E2ADD973045C72A800CCAA42,
				E2ADD975045C72A800CCAA42,
				E2ADD976045C72A800CCAA42,
				E2ADD977045C72A800CCAA42,
				E2ADD979045C72A800CCAA42,
				E2ADD97B045C72A800CCAA42,
				E2ADD97D045C72A800CCAA42,
				E2ADD980045C72A800CCAA42,
				E2ADD982045C72A800CCAA42,
				E2ADD984045C72A800CCAA42,
				E2ADD986045C72A800CCAA42,
				E2ADD988045C72A800CCAA42,
				E2ADD989045C72A800CCAA42,
				E2ADD98A045C72A800CCAA42,
				E2ADD98C045C72A800CCAA42,
				E2ADD98E045C72A800CCAA42,
				E2ADD990045C72A800CCAA42,
				E2ADD992045C72A800CCAA42,
				E2ADD994045C72A800CCAA42,
			);
			isa = PBXGroup;
			name = python;
			path = ../twisted/python;
			refType = 2;
		};
		E2ADD95F045C72A800CCAA42 = {
			fileEncoding = 30;
			isa = PBXFileReference;
			path = __init__.py;
			refType = 4;
		};
		E2ADD961045C72A800CCAA42 = {
			fileEncoding = 30;
			isa = PBXFileReference;
			path = compat.py;
			refType = 4;
		};
		E2ADD963045C72A800CCAA42 = {
			fileEncoding = 30;
			isa = PBXFileReference;
			path = components.py;
			refType = 4;
		};
		E2ADD967045C72A800CCAA42 = {
			fileEncoding = 30;
			isa = PBXFileReference;
			path = dispatch.py;
			refType = 4;
		};
		E2ADD968045C72A800CCAA42 = {
			fileEncoding = 30;
			isa = PBXFileReference;
			path = domhelpers.py;
			refType = 4;
		};
		E2ADD969045C72A800CCAA42 = {
			fileEncoding = 30;
			isa = PBXFileReference;
			path = dxprofile.py;
			refType = 4;
		};
		E2ADD96A045C72A800CCAA42 = {
			fileEncoding = 30;
			isa = PBXFileReference;
			path = failure.py;
			refType = 4;
		};
		E2ADD96C045C72A800CCAA42 = {
			fileEncoding = 30;
			isa = PBXFileReference;
			path = formmethod.py;
			refType = 4;
		};
		E2ADD96E045C72A800CCAA42 = {
			fileEncoding = 30;
			isa = PBXFileReference;
			path = hook.py;
			refType = 4;
		};
		E2ADD970045C72A800CCAA42 = {
			fileEncoding = 30;
			isa = PBXFileReference;
			path = htmlizer.py;
			refType = 4;
		};
		E2ADD971045C72A800CCAA42 = {
			fileEncoding = 30;
			isa = PBXFileReference;
			path = log.py;
			refType = 4;
		};
		E2ADD973045C72A800CCAA42 = {
			fileEncoding = 30;
			isa = PBXFileReference;
			path = logfile.py;
			refType = 4;
		};
		E2ADD975045C72A800CCAA42 = {
			fileEncoding = 30;
			isa = PBXFileReference;
			path = mutablestring.py;
			refType = 4;
		};
		E2ADD976045C72A800CCAA42 = {
			fileEncoding = 30;
			isa = PBXFileReference;
			path = mvc.py;
			refType = 4;
		};
		E2ADD977045C72A800CCAA42 = {
			fileEncoding = 30;
			isa = PBXFileReference;
			path = observable.py;
			refType = 4;
		};
		E2ADD979045C72A800CCAA42 = {
			fileEncoding = 30;
			isa = PBXFileReference;
			path = otp.py;
			refType = 4;
		};
		E2ADD97B045C72A800CCAA42 = {
			fileEncoding = 30;
			isa = PBXFileReference;
			path = plugin.py;
			refType = 4;
		};
		E2ADD97D045C72A800CCAA42 = {
			fileEncoding = 30;
			isa = PBXFileReference;
			path = rebuild.py;
			refType = 4;
		};
		E2ADD980045C72A800CCAA42 = {
			fileEncoding = 30;
			isa = PBXFileReference;
			path = reflect.py;
			refType = 4;
		};
		E2ADD982045C72A800CCAA42 = {
			fileEncoding = 30;
			isa = PBXFileReference;
			path = register.py;
			refType = 4;
		};
		E2ADD984045C72A800CCAA42 = {
			fileEncoding = 30;
			isa = PBXFileReference;
			path = roots.py;
			refType = 4;
		};
		E2ADD986045C72A800CCAA42 = {
			fileEncoding = 30;
			isa = PBXFileReference;
			path = runtime.py;
			refType = 4;
		};
		E2ADD988045C72A800CCAA42 = {
			fileEncoding = 30;
			isa = PBXFileReference;
			path = shortcut.py;
			refType = 4;
		};
		E2ADD989045C72A800CCAA42 = {
			fileEncoding = 30;
			isa = PBXFileReference;
			path = syslog.py;
			refType = 4;
		};
		E2ADD98A045C72A800CCAA42 = {
			fileEncoding = 30;
			isa = PBXFileReference;
			path = text.py;
			refType = 4;
		};
		E2ADD98C045C72A800CCAA42 = {
			fileEncoding = 30;
			isa = PBXFileReference;
			path = threadable.py;
			refType = 4;
		};
		E2ADD98E045C72A800CCAA42 = {
			fileEncoding = 30;
			isa = PBXFileReference;
			path = threadpool.py;
			refType = 4;
		};
		E2ADD990045C72A800CCAA42 = {
			fileEncoding = 30;
			isa = PBXFileReference;
			path = timeoutqueue.py;
			refType = 4;
		};
		E2ADD992045C72A800CCAA42 = {
			fileEncoding = 30;
			isa = PBXFileReference;
			path = usage.py;
			refType = 4;
		};
		E2ADD994045C72A800CCAA42 = {
			fileEncoding = 30;
			isa = PBXFileReference;
			path = util.py;
			refType = 4;
		};
		E2ADD996045C72A800CCAA42 = {
			children = (
				E2ADD998045C72A800CCAA42,
				E2ADD99A045C72A800CCAA42,
				E2ADD99C045C72A800CCAA42,
				E2ADD99E045C72A800CCAA42,
				E2ADD9A0045C72A800CCAA42,
				E2ADD9A2045C72A800CCAA42,
				E2ADD9A4045C72A800CCAA42,
			);
			isa = PBXGroup;
			name = cred;
			path = ../twisted/cred;
			refType = 2;
		};
		E2ADD998045C72A800CCAA42 = {
			fileEncoding = 30;
			isa = PBXFileReference;
			path = __init__.py;
			refType = 4;
		};
		E2ADD99A045C72A800CCAA42 = {
			fileEncoding = 30;
			isa = PBXFileReference;
			path = authorizer.py;
			refType = 4;
		};
		E2ADD99C045C72A800CCAA42 = {
			fileEncoding = 30;
			isa = PBXFileReference;
			path = error.py;
			refType = 4;
		};
		E2ADD99E045C72A800CCAA42 = {
			fileEncoding = 30;
			isa = PBXFileReference;
			path = identity.py;
			refType = 4;
		};
		E2ADD9A0045C72A800CCAA42 = {
			fileEncoding = 30;
			isa = PBXFileReference;
			path = perspective.py;
			refType = 4;
		};
		E2ADD9A2045C72A800CCAA42 = {
			fileEncoding = 30;
			isa = PBXFileReference;
			path = service.py;
			refType = 4;
		};
		E2ADD9A4045C72A800CCAA42 = {
			fileEncoding = 30;
			isa = PBXFileReference;
			path = util.py;
			refType = 4;
		};
		E2ADD9A6045C72A800CCAA42 = {
			children = (
				E2ADD9A8045C72A800CCAA42,
				E2ADD9AA045C72A800CCAA42,
				E2ADD9AC045C72A800CCAA42,
				E2ADD9AD045C72A800CCAA42,
				E2ADD9AF045C72A800CCAA42,
				E2ADD9B1045C72A800CCAA42,
				E2ADD9B3045C72A800CCAA42,
				E2ADD9B5045C72A800CCAA42,
				E2ADD9B7045C72A800CCAA42,
				E2ADD9B9045C72A800CCAA42,
				E2ADD9BB045C72A800CCAA42,
				E2ADD9C4045C72A800CCAA42,
			);
			isa = PBXGroup;
			name = spread;
			path = ../twisted/spread;
			refType = 2;
		};
		E2ADD9A8045C72A800CCAA42 = {
			fileEncoding = 30;
			isa = PBXFileReference;
			path = __init__.py;
			refType = 4;
		};
		E2ADD9AA045C72A800CCAA42 = {
			fileEncoding = 30;
			isa = PBXFileReference;
			path = banana.py;
			refType = 4;
		};
		E2ADD9AC045C72A800CCAA42 = {
			fileEncoding = 30;
			isa = PBXFileReference;
			path = cBanana.c;
			refType = 4;
		};
		E2ADD9AD045C72A800CCAA42 = {
			fileEncoding = 30;
			isa = PBXFileReference;
			path = flavors.py;
			refType = 4;
		};
		E2ADD9AF045C72A800CCAA42 = {
			fileEncoding = 30;
			isa = PBXFileReference;
			path = jelly.py;
			refType = 4;
		};
		E2ADD9B1045C72A800CCAA42 = {
			fileEncoding = 30;
			isa = PBXFileReference;
			path = newjelly.py;
			refType = 4;
		};
		E2ADD9B3045C72A800CCAA42 = {
			fileEncoding = 30;
			isa = PBXFileReference;
			path = pb.py;
			refType = 4;
		};
		E2ADD9B5045C72A800CCAA42 = {
			fileEncoding = 30;
			isa = PBXFileReference;
			path = publish.py;
			refType = 4;
		};
		E2ADD9B7045C72A800CCAA42 = {
			fileEncoding = 30;
			isa = PBXFileReference;
			path = refpath.py;
			refType = 4;
		};
		E2ADD9B9045C72A800CCAA42 = {
			fileEncoding = 30;
			isa = PBXFileReference;
			path = sturdy.py;
			refType = 4;
		};
		E2ADD9BB045C72A800CCAA42 = {
			children = (
				E2ADD9BC045C72A800CCAA42,
				E2ADD9BD045C72A800CCAA42,
				E2ADD9BE045C72A800CCAA42,
				E2ADD9BF045C72A800CCAA42,
				E2ADD9C0045C72A800CCAA42,
				E2ADD9C1045C72A800CCAA42,
				E2ADD9C2045C72A800CCAA42,
				E2ADD9C3045C72A800CCAA42,
			);
			isa = PBXGroup;
			path = ui;
			refType = 4;
		};
		E2ADD9BC045C72A800CCAA42 = {
			fileEncoding = 30;
			isa = PBXFileReference;
			path = .cvsignore;
			refType = 4;
		};
		E2ADD9BD045C72A800CCAA42 = {
			fileEncoding = 30;
			isa = PBXFileReference;
			path = __init__.py;
			refType = 4;
		};
		E2ADD9BE045C72A800CCAA42 = {
			isa = PBXFileReference;
			path = __init__.pyc;
			refType = 4;
		};
		E2ADD9BF045C72A800CCAA42 = {
			fileEncoding = 30;
			isa = PBXFileReference;
			path = gtk2util.py;
			refType = 4;
		};
		E2ADD9C0045C72A800CCAA42 = {
			fileEncoding = 30;
			isa = PBXFileReference;
			path = gtkutil.py;
			refType = 4;
		};
		E2ADD9C1045C72A800CCAA42 = {
			fileEncoding = 30;
			isa = PBXFileReference;
			path = login2.glade;
			refType = 4;
		};
		E2ADD9C2045C72A800CCAA42 = {
			fileEncoding = 30;
			isa = PBXFileReference;
			path = tktree.py;
			refType = 4;
		};
		E2ADD9C3045C72A800CCAA42 = {
			fileEncoding = 30;
			isa = PBXFileReference;
			path = tkutil.py;
			refType = 4;
		};
		E2ADD9C4045C72A800CCAA42 = {
			fileEncoding = 30;
			isa = PBXFileReference;
			path = util.py;
			refType = 4;
		};
		E2ADD9C6045C72A800CCAA42 = {
			children = (
				E2ADD9C8045C72A800CCAA42,
				E2ADD9CA045C72A800CCAA42,
				E2ADD9CB045C72A800CCAA42,
				E2ADD9CC045C72A800CCAA42,
				E2ADD9CD045C72A800CCAA42,
				E2ADD9CE045C72A800CCAA42,
			);
			isa = PBXGroup;
			name = zoot;
			path = ../twisted/zoot;
			refType = 2;
		};
		E2ADD9C8045C72A800CCAA42 = {
			fileEncoding = 30;
			isa = PBXFileReference;
			path = __init__.py;
			refType = 4;
		};
		E2ADD9CA045C72A800CCAA42 = {
			fileEncoding = 30;
			isa = PBXFileReference;
			path = AFactory.py;
			refType = 4;
		};
		E2ADD9CB045C72A800CCAA42 = {
			fileEncoding = 30;
			isa = PBXFileReference;
			path = pingertap.py;
			refType = 4;
		};
		E2ADD9CC045C72A800CCAA42 = {
			fileEncoding = 30;
			isa = PBXFileReference;
			path = pongertap.py;
			refType = 4;
		};
		E2ADD9CD045C72A800CCAA42 = {
			fileEncoding = 30;
			isa = PBXFileReference;
			path = zoot.py;
			refType = 4;
		};
		E2ADD9CE045C72A800CCAA42 = {
			fileEncoding = 30;
			isa = PBXFileReference;
			path = zoottap.py;
			refType = 4;
		};
		E2ADD9CF045C72A800CCAA42 = {
			children = (
				E2ADD9D1045C72A800CCAA42,
				E2ADD9D3045C72A800CCAA42,
				E2ADD9D5045C72A800CCAA42,
				E2ADD9D6045C72A800CCAA42,
				E2ADD9D7045C72A800CCAA42,
				E2ADD9D9045C72A800CCAA42,
			);
			isa = PBXGroup;
			name = trial;
			path = ../twisted/trial;
			refType = 2;
		};
		E2ADD9D1045C72A800CCAA42 = {
			fileEncoding = 30;
			isa = PBXFileReference;
			path = __init__.py;
			refType = 4;
		};
		E2ADD9D3045C72A800CCAA42 = {
			fileEncoding = 30;
			isa = PBXFileReference;
			path = remote.py;
			refType = 4;
		};
		E2ADD9D5045C72A800CCAA42 = {
			fileEncoding = 30;
			isa = PBXFileReference;
			path = reporter.py;
			refType = 4;
		};
		E2ADD9D6045C72A800CCAA42 = {
			fileEncoding = 30;
			isa = PBXFileReference;
			path = runner.py;
			refType = 4;
		};
		E2ADD9D7045C72A800CCAA42 = {
			fileEncoding = 30;
			isa = PBXFileReference;
			path = unittest.py;
			refType = 4;
		};
		E2ADD9D9045C72A800CCAA42 = {
			fileEncoding = 30;
			isa = PBXFileReference;
			path = util.py;
			refType = 4;
		};
		E2ADD9DA045C72A800CCAA42 = {
			children = (
				E2ADD9DC045C72A800CCAA42,
				E2ADD9DE045C72A800CCAA42,
				E2ADD9DF045C72A800CCAA42,
				E2ADD9E0045C72A800CCAA42,
				E2ADD9E1045C72A800CCAA42,
				E2ADD9E2045C72A800CCAA42,
				E2ADD9E3045C72A800CCAA42,
				E2ADD9E4045C72A800CCAA42,
				E2ADD9E5045C72A800CCAA42,
				E2ADD9E6045C72A800CCAA42,
				E2ADD9E7045C72A800CCAA42,
				E2ADD9E8045C72A800CCAA42,
				E2ADD9E9045C72A800CCAA42,
			);
			isa = PBXGroup;
			name = lore;
			path = ../twisted/lore;
			refType = 2;
		};
		E2ADD9DC045C72A800CCAA42 = {
			fileEncoding = 30;
			isa = PBXFileReference;
			path = __init__.py;
			refType = 4;
		};
		E2ADD9DE045C72A800CCAA42 = {
			fileEncoding = 30;
			isa = PBXFileReference;
			path = book.py;
			refType = 4;
		};
		E2ADD9DF045C72A800CCAA42 = {
			fileEncoding = 30;
			isa = PBXFileReference;
			path = default.py;
			refType = 4;
		};
		E2ADD9E0045C72A800CCAA42 = {
			fileEncoding = 30;
			isa = PBXFileReference;
			path = docbook.py;
			refType = 4;
		};
		E2ADD9E1045C72A800CCAA42 = {
			fileEncoding = 30;
			isa = PBXFileReference;
			path = latex.py;
			refType = 4;
		};
		E2ADD9E2045C72A800CCAA42 = {
			fileEncoding = 30;
			isa = PBXFileReference;
			path = lint.py;
			refType = 4;
		};
		E2ADD9E3045C72A800CCAA42 = {
			fileEncoding = 30;
			isa = PBXFileReference;
			path = man2lore.py;
			refType = 4;
		};
		E2ADD9E4045C72A800CCAA42 = {
			fileEncoding = 30;
			isa = PBXFileReference;
			path = math.py;
			refType = 4;
		};
		E2ADD9E5045C72A800CCAA42 = {
			fileEncoding = 30;
			isa = PBXFileReference;
			path = process.py;
			refType = 4;
		};
		E2ADD9E6045C72A800CCAA42 = {
			fileEncoding = 30;
			isa = PBXFileReference;
			path = slides.py;
			refType = 4;
		};
		E2ADD9E7045C72A800CCAA42 = {
			fileEncoding = 30;
			isa = PBXFileReference;
			path = template.mgp;
			refType = 4;
		};
		E2ADD9E8045C72A800CCAA42 = {
			fileEncoding = 30;
			isa = PBXFileReference;
			path = texi.py;
			refType = 4;
		};
		E2ADD9E9045C72A800CCAA42 = {
			fileEncoding = 30;
			isa = PBXFileReference;
			path = tree.py;
			refType = 4;
		};
		E2ADD9EA045C72A800CCAA42 = {
			children = (
				E2ADD9EC045C72A800CCAA42,
				E2ADD9EE045C72A800CCAA42,
				E2ADD9F0045C72A800CCAA42,
				E2ADD9F2045C72A800CCAA42,
				E2ADD9F3045C72A800CCAA42,
			);
			isa = PBXGroup;
			name = manhole;
			path = ../twisted/manhole;
			refType = 2;
		};
		E2ADD9EC045C72A800CCAA42 = {
			fileEncoding = 30;
			isa = PBXFileReference;
			path = __init__.py;
			refType = 4;
		};
		E2ADD9EE045C72A800CCAA42 = {
			fileEncoding = 30;
			isa = PBXFileReference;
			path = explorer.py;
			refType = 4;
		};
		E2ADD9F0045C72A800CCAA42 = {
			fileEncoding = 30;
			isa = PBXFileReference;
			path = service.py;
			refType = 4;
		};
		E2ADD9F2045C72A800CCAA42 = {
			fileEncoding = 30;
			isa = PBXFileReference;
			path = telnet.py;
			refType = 4;
		};
		E2ADD9F3045C72A800CCAA42 = {
			children = (
				E2ADD9F5045C72A800CCAA42,
				E2ADD9F7045C72A800CCAA42,
				E2ADD9F8045C72A800CCAA42,
				E2ADD9F9045C72A800CCAA42,
				E2ADD9FA045C72A800CCAA42,
				E2ADD9FB045C72A800CCAA42,
				E2ADD9FC045C72A800CCAA42,
			);
			isa = PBXGroup;
			path = ui;
			refType = 4;
		};
		E2ADD9F5045C72A800CCAA42 = {
			fileEncoding = 30;
			isa = PBXFileReference;
			path = __init__.py;
			refType = 4;
		};
		E2ADD9F7045C72A800CCAA42 = {
			fileEncoding = 30;
			isa = PBXFileReference;
			path = gtk2manhole.glade;
			refType = 4;
		};
		E2ADD9F8045C72A800CCAA42 = {
			fileEncoding = 30;
			isa = PBXFileReference;
			path = gtk2manhole.py;
			refType = 4;
		};
		E2ADD9F9045C72A800CCAA42 = {
			fileEncoding = 30;
			isa = PBXFileReference;
			path = gtkmanhole.py;
			refType = 4;
		};
		E2ADD9FA045C72A800CCAA42 = {
			fileEncoding = 30;
			isa = PBXFileReference;
			path = gtkrc;
			refType = 4;
		};
		E2ADD9FB045C72A800CCAA42 = {
			fileEncoding = 30;
			isa = PBXFileReference;
			path = pywidgets.py;
			refType = 4;
		};
		E2ADD9FC045C72A800CCAA42 = {
			fileEncoding = 30;
			isa = PBXFileReference;
			path = spelunk_gnome.py;
			refType = 4;
		};
	};
	rootObject = E2ADD386045C71C800CCAA42;
}
